// !$*UTF8*$!
{
	archiveVersion = 1;
	classes = {
	};
	objectVersion = 51;
	objects = {

/* Begin PBXBuildFile section */
		ED52732526C255FC0077CD9D /* GostButton.swift in Sources */ = {isa = PBXBuildFile; fileRef = ED52730A26C255FC0077CD9D /* GostButton.swift */; };
		ED52732626C255FC0077CD9D /* SignInView.swift in Sources */ = {isa = PBXBuildFile; fileRef = ED52730B26C255FC0077CD9D /* SignInView.swift */; };
		ED52732726C255FC0077CD9D /* LargeTitleView.swift in Sources */ = {isa = PBXBuildFile; fileRef = ED52730C26C255FC0077CD9D /* LargeTitleView.swift */; };
		ED52732826C255FC0077CD9D /* SignTextFieldView.swift in Sources */ = {isa = PBXBuildFile; fileRef = ED52730D26C255FC0077CD9D /* SignTextFieldView.swift */; };
		ED52732926C255FC0077CD9D /* TRSButton.swift in Sources */ = {isa = PBXBuildFile; fileRef = ED52730E26C255FC0077CD9D /* TRSButton.swift */; };
		ED52732A26C255FC0077CD9D /* SignInViewController.swift in Sources */ = {isa = PBXBuildFile; fileRef = ED52730F26C255FC0077CD9D /* SignInViewController.swift */; };
		ED52732B26C255FC0077CD9D /* SignInViewReactor.swift in Sources */ = {isa = PBXBuildFile; fileRef = ED52731026C255FC0077CD9D /* SignInViewReactor.swift */; };
		ED52737126C3A03C0077CD9D /* SignUpIdViewController.swift in Sources */ = {isa = PBXBuildFile; fileRef = ED52735926C3A03C0077CD9D /* SignUpIdViewController.swift */; };
		ED52737226C3A03C0077CD9D /* SignUpIdViewReactor.swift in Sources */ = {isa = PBXBuildFile; fileRef = ED52735A26C3A03C0077CD9D /* SignUpIdViewReactor.swift */; };
		ED52737326C3A03C0077CD9D /* SignUpIdView.swift in Sources */ = {isa = PBXBuildFile; fileRef = ED52735B26C3A03C0077CD9D /* SignUpIdView.swift */; };
		ED52737426C3A03C0077CD9D /* SignUpNameViewController.swift in Sources */ = {isa = PBXBuildFile; fileRef = ED52735D26C3A03C0077CD9D /* SignUpNameViewController.swift */; };
		ED52737526C3A03C0077CD9D /* SignUpNameView.swift in Sources */ = {isa = PBXBuildFile; fileRef = ED52735E26C3A03C0077CD9D /* SignUpNameView.swift */; };
		ED52737626C3A03C0077CD9D /* SignUpNameViewReactor.swift in Sources */ = {isa = PBXBuildFile; fileRef = ED52735F26C3A03C0077CD9D /* SignUpNameViewReactor.swift */; };
		ED52737726C3A03C0077CD9D /* SignUpPasswordView.swift in Sources */ = {isa = PBXBuildFile; fileRef = ED52736126C3A03C0077CD9D /* SignUpPasswordView.swift */; };
		ED52737826C3A03C0077CD9D /* SignUpPasswordViewController.swift in Sources */ = {isa = PBXBuildFile; fileRef = ED52736226C3A03C0077CD9D /* SignUpPasswordViewController.swift */; };
		ED52737926C3A03C0077CD9D /* SignUpPasswordViewReactor.swift in Sources */ = {isa = PBXBuildFile; fileRef = ED52736326C3A03C0077CD9D /* SignUpPasswordViewReactor.swift */; };
		ED52737E26C3A03C0077CD9D /* SignUpNameViewReactor.graphql in Resources */ = {isa = PBXBuildFile; fileRef = ED52736926C3A03C0077CD9D /* SignUpNameViewReactor.graphql */; };
		ED52737F26C3A03C0077CD9D /* SignUpGuideView.swift in Sources */ = {isa = PBXBuildFile; fileRef = ED52736B26C3A03C0077CD9D /* SignUpGuideView.swift */; };
		ED52738026C3A03C0077CD9D /* SignUpTextFieldView.swift in Sources */ = {isa = PBXBuildFile; fileRef = ED52736C26C3A03C0077CD9D /* SignUpTextFieldView.swift */; };
		ED6B45F526B7DF7D00C2FA6D /* BaseViewController.swift in Sources */ = {isa = PBXBuildFile; fileRef = ED6B45F126B7DF7D00C2FA6D /* BaseViewController.swift */; };
		ED6B45F626B7DF7D00C2FA6D /* BaseNavigatableViewController.swift in Sources */ = {isa = PBXBuildFile; fileRef = ED6B45F226B7DF7D00C2FA6D /* BaseNavigatableViewController.swift */; };
		ED6B45F726B7DF7D00C2FA6D /* BaseNavigationController.swift in Sources */ = {isa = PBXBuildFile; fileRef = ED6B45F326B7DF7D00C2FA6D /* BaseNavigationController.swift */; };
		ED6B45F826B7DF7D00C2FA6D /* Position.swift in Sources */ = {isa = PBXBuildFile; fileRef = ED6B45F426B7DF7D00C2FA6D /* Position.swift */; };
		ED6B460326B7DFF700C2FA6D /* Log.swift in Sources */ = {isa = PBXBuildFile; fileRef = ED6B45FA26B7DFF700C2FA6D /* Log.swift */; };
		ED6B460426B7DFF700C2FA6D /* SwiftEntryKit_Show.swift in Sources */ = {isa = PBXBuildFile; fileRef = ED6B45FC26B7DFF700C2FA6D /* SwiftEntryKit_Show.swift */; };
		ED6B460526B7DFF700C2FA6D /* SwiftEntryKit_String.swift in Sources */ = {isa = PBXBuildFile; fileRef = ED6B45FD26B7DFF700C2FA6D /* SwiftEntryKit_String.swift */; };
		ED6B460626B7DFF700C2FA6D /* SwiftEntryKit.swift in Sources */ = {isa = PBXBuildFile; fileRef = ED6B45FE26B7DFF700C2FA6D /* SwiftEntryKit.swift */; };
		ED6B460726B7DFF700C2FA6D /* SwiftEntryKit_View.swift in Sources */ = {isa = PBXBuildFile; fileRef = ED6B45FF26B7DFF700C2FA6D /* SwiftEntryKit_View.swift */; };
		ED6B460826B7DFF700C2FA6D /* SwiftEntryKit_ViewController.swift in Sources */ = {isa = PBXBuildFile; fileRef = ED6B460026B7DFF700C2FA6D /* SwiftEntryKit_ViewController.swift */; };
		ED6B461026B7E51800C2FA6D /* GoogleService-Info.plist in Resources */ = {isa = PBXBuildFile; fileRef = ED6B460F26B7E51800C2FA6D /* GoogleService-Info.plist */; };
		ED6B463A26B7E7CC00C2FA6D /* Date.swift in Sources */ = {isa = PBXBuildFile; fileRef = ED6B461226B7E7CC00C2FA6D /* Date.swift */; };
		ED6B463B26B7E7CC00C2FA6D /* CocoaLumberjack.swift in Sources */ = {isa = PBXBuildFile; fileRef = ED6B461326B7E7CC00C2FA6D /* CocoaLumberjack.swift */; };
		ED6B463C26B7E7CC00C2FA6D /* Int.swift in Sources */ = {isa = PBXBuildFile; fileRef = ED6B461426B7E7CC00C2FA6D /* Int.swift */; };
		ED6B463D26B7E7CC00C2FA6D /* UIView.swift in Sources */ = {isa = PBXBuildFile; fileRef = ED6B461626B7E7CC00C2FA6D /* UIView.swift */; };
		ED6B463E26B7E7CC00C2FA6D /* UIColor.swift in Sources */ = {isa = PBXBuildFile; fileRef = ED6B461726B7E7CC00C2FA6D /* UIColor.swift */; };
		ED6B463F26B7E7CC00C2FA6D /* UIRefreshControl.swift in Sources */ = {isa = PBXBuildFile; fileRef = ED6B461826B7E7CC00C2FA6D /* UIRefreshControl.swift */; };
		ED6B464126B7E7CC00C2FA6D /* UIDevice.swift in Sources */ = {isa = PBXBuildFile; fileRef = ED6B461A26B7E7CC00C2FA6D /* UIDevice.swift */; };
		ED6B464226B7E7CC00C2FA6D /* UITextField.swift in Sources */ = {isa = PBXBuildFile; fileRef = ED6B461B26B7E7CC00C2FA6D /* UITextField.swift */; };
		ED6B464326B7E7CC00C2FA6D /* UIButton.swift in Sources */ = {isa = PBXBuildFile; fileRef = ED6B461C26B7E7CC00C2FA6D /* UIButton.swift */; };
		ED6B464426B7E7CC00C2FA6D /* UIViewController.swift in Sources */ = {isa = PBXBuildFile; fileRef = ED6B461D26B7E7CC00C2FA6D /* UIViewController.swift */; };
		ED6B464526B7E7CC00C2FA6D /* UIWindow.swift in Sources */ = {isa = PBXBuildFile; fileRef = ED6B461E26B7E7CC00C2FA6D /* UIWindow.swift */; };
		ED6B464626B7E7CC00C2FA6D /* UIImageView.swift in Sources */ = {isa = PBXBuildFile; fileRef = ED6B461F26B7E7CC00C2FA6D /* UIImageView.swift */; };
		ED6B464726B7E7CC00C2FA6D /* UIFont.swift in Sources */ = {isa = PBXBuildFile; fileRef = ED6B462026B7E7CC00C2FA6D /* UIFont.swift */; };
		ED6B464826B7E7CC00C2FA6D /* UITextView.swift in Sources */ = {isa = PBXBuildFile; fileRef = ED6B462126B7E7CC00C2FA6D /* UITextView.swift */; };
		ED6B464926B7E7CC00C2FA6D /* UINavigationController.swift in Sources */ = {isa = PBXBuildFile; fileRef = ED6B462226B7E7CC00C2FA6D /* UINavigationController.swift */; };
		ED6B464A26B7E7CC00C2FA6D /* Log+Extract.swift in Sources */ = {isa = PBXBuildFile; fileRef = ED6B462326B7E7CC00C2FA6D /* Log+Extract.swift */; };
		ED6B464B26B7E7CC00C2FA6D /* GraphQLOperation.swift in Sources */ = {isa = PBXBuildFile; fileRef = ED6B462526B7E7CC00C2FA6D /* GraphQLOperation.swift */; };
		ED6B464C26B7E7CC00C2FA6D /* String.swift in Sources */ = {isa = PBXBuildFile; fileRef = ED6B462626B7E7CC00C2FA6D /* String.swift */; };
		ED6B464D26B7E7CC00C2FA6D /* Optional.swift in Sources */ = {isa = PBXBuildFile; fileRef = ED6B462726B7E7CC00C2FA6D /* Optional.swift */; };
		ED6B464E26B7E7CC00C2FA6D /* UILabel+Rx.swift in Sources */ = {isa = PBXBuildFile; fileRef = ED6B462926B7E7CC00C2FA6D /* UILabel+Rx.swift */; };
		ED6B464F26B7E7CC00C2FA6D /* FilterNil.swift in Sources */ = {isa = PBXBuildFile; fileRef = ED6B462A26B7E7CC00C2FA6D /* FilterNil.swift */; };
		ED6B465026B7E7CC00C2FA6D /* Reactor.swift in Sources */ = {isa = PBXBuildFile; fileRef = ED6B462B26B7E7CC00C2FA6D /* Reactor.swift */; };
		ED6B465126B7E7CC00C2FA6D /* UIView+Rx.swift in Sources */ = {isa = PBXBuildFile; fileRef = ED6B462C26B7E7CC00C2FA6D /* UIView+Rx.swift */; };
		ED6B465226B7E7CC00C2FA6D /* UIButton+Rx.swift in Sources */ = {isa = PBXBuildFile; fileRef = ED6B462D26B7E7CC00C2FA6D /* UIButton+Rx.swift */; };
		ED6B465326B7E7CC00C2FA6D /* UIViewController+Rx.swift in Sources */ = {isa = PBXBuildFile; fileRef = ED6B462E26B7E7CC00C2FA6D /* UIViewController+Rx.swift */; };
		ED6B465426B7E7CC00C2FA6D /* UICollectionView+Rx.swift in Sources */ = {isa = PBXBuildFile; fileRef = ED6B462F26B7E7CC00C2FA6D /* UICollectionView+Rx.swift */; };
		ED6B465526B7E7CC00C2FA6D /* UITableView+Rx.swift in Sources */ = {isa = PBXBuildFile; fileRef = ED6B463026B7E7CC00C2FA6D /* UITableView+Rx.swift */; };
		ED6B465626B7E7CC00C2FA6D /* UIAlertController+Rx.swift in Sources */ = {isa = PBXBuildFile; fileRef = ED6B463126B7E7CC00C2FA6D /* UIAlertController+Rx.swift */; };
		ED6B465726B7E7CC00C2FA6D /* RxSwift+Operator.swift in Sources */ = {isa = PBXBuildFile; fileRef = ED6B463226B7E7CC00C2FA6D /* RxSwift+Operator.swift */; };
		ED6B465826B7E7CC00C2FA6D /* TimeInterval.swift in Sources */ = {isa = PBXBuildFile; fileRef = ED6B463326B7E7CC00C2FA6D /* TimeInterval.swift */; };
		ED6B465926B7E7CC00C2FA6D /* List_BaseObject.swift in Sources */ = {isa = PBXBuildFile; fileRef = ED6B463526B7E7CC00C2FA6D /* List_BaseObject.swift */; };
		ED6B465A26B7E7CC00C2FA6D /* ThreadConfined_BaseObject.swift in Sources */ = {isa = PBXBuildFile; fileRef = ED6B463626B7E7CC00C2FA6D /* ThreadConfined_BaseObject.swift */; };
		ED6B465B26B7E7CC00C2FA6D /* ThreadSafeReference_BaseObject.swift in Sources */ = {isa = PBXBuildFile; fileRef = ED6B463726B7E7CC00C2FA6D /* ThreadSafeReference_BaseObject.swift */; };
		ED6B465C26B7E7CC00C2FA6D /* Results_BaseObject.swift in Sources */ = {isa = PBXBuildFile; fileRef = ED6B463826B7E7CC00C2FA6D /* Results_BaseObject.swift */; };
		ED6B465D26B7E7CC00C2FA6D /* Sequence_BaseObject.swift in Sources */ = {isa = PBXBuildFile; fileRef = ED6B463926B7E7CC00C2FA6D /* Sequence_BaseObject.swift */; };
		ED6B467E26B7E8B500C2FA6D /* TokenAddingInterceptor.swift in Sources */ = {isa = PBXBuildFile; fileRef = ED6B466226B7E8B500C2FA6D /* TokenAddingInterceptor.swift */; };
		ED6B467F26B7E8B500C2FA6D /* ErrorInterceptor.swift in Sources */ = {isa = PBXBuildFile; fileRef = ED6B466326B7E8B500C2FA6D /* ErrorInterceptor.swift */; };
		ED6B468026B7E8B500C2FA6D /* BaseInterceptor.swift in Sources */ = {isa = PBXBuildFile; fileRef = ED6B466426B7E8B500C2FA6D /* BaseInterceptor.swift */; };
		ED6B468126B7E8B500C2FA6D /* LoggingInterceptor.swift in Sources */ = {isa = PBXBuildFile; fileRef = ED6B466526B7E8B500C2FA6D /* LoggingInterceptor.swift */; };
		ED6B468226B7E8B500C2FA6D /* NetworkInterceptorProvider.swift in Sources */ = {isa = PBXBuildFile; fileRef = ED6B466626B7E8B500C2FA6D /* NetworkInterceptorProvider.swift */; };
		ED6B468326B7E8B500C2FA6D /* NetworkManager.swift in Sources */ = {isa = PBXBuildFile; fileRef = ED6B466726B7E8B500C2FA6D /* NetworkManager.swift */; };
		ED6B468426B7E8B500C2FA6D /* SubscriptionManager.swift in Sources */ = {isa = PBXBuildFile; fileRef = ED6B466926B7E8B500C2FA6D /* SubscriptionManager.swift */; };
		ED6B468626B7E8B500C2FA6D /* PushManager.swift in Sources */ = {isa = PBXBuildFile; fileRef = ED6B466C26B7E8B500C2FA6D /* PushManager.swift */; };
		ED6B468726B7E8B500C2FA6D /* NotificationInfo.swift in Sources */ = {isa = PBXBuildFile; fileRef = ED6B466E26B7E8B500C2FA6D /* NotificationInfo.swift */; };
		ED6B468826B7E8B500C2FA6D /* NotificationType.swift in Sources */ = {isa = PBXBuildFile; fileRef = ED6B466F26B7E8B500C2FA6D /* NotificationType.swift */; };
		ED6B468926B7E8B500C2FA6D /* BaseManager.swift in Sources */ = {isa = PBXBuildFile; fileRef = ED6B467026B7E8B500C2FA6D /* BaseManager.swift */; };
		ED6B468A26B7E8B500C2FA6D /* ManagerProvider.swift in Sources */ = {isa = PBXBuildFile; fileRef = ED6B467126B7E8B500C2FA6D /* ManagerProvider.swift */; };
		ED6B468B26B7E8B500C2FA6D /* UserManager.swift in Sources */ = {isa = PBXBuildFile; fileRef = ED6B467326B7E8B500C2FA6D /* UserManager.swift */; };
		ED6B468D26B7E8B500C2FA6D /* TypeUnification.swift in Sources */ = {isa = PBXBuildFile; fileRef = ED6B467626B7E8B500C2FA6D /* TypeUnification.swift */; };
		ED6B468E26B7E8B500C2FA6D /* ServiceManager.swift in Sources */ = {isa = PBXBuildFile; fileRef = ED6B467726B7E8B500C2FA6D /* ServiceManager.swift */; };
		ED6B468F26B7E8B500C2FA6D /* RealmManager.swift in Sources */ = {isa = PBXBuildFile; fileRef = ED6B467926B7E8B500C2FA6D /* RealmManager.swift */; };
		ED6B469026B7E8B500C2FA6D /* TEST_TB.swift in Sources */ = {isa = PBXBuildFile; fileRef = ED6B467B26B7E8B500C2FA6D /* TEST_TB.swift */; };
		ED6B469126B7E8B500C2FA6D /* USER_TB.swift in Sources */ = {isa = PBXBuildFile; fileRef = ED6B467C26B7E8B500C2FA6D /* USER_TB.swift */; };
		ED6B469226B7E8B500C2FA6D /* BaseObject.swift in Sources */ = {isa = PBXBuildFile; fileRef = ED6B467D26B7E8B500C2FA6D /* BaseObject.swift */; };
		ED6B469E26B7E9CE00C2FA6D /* TRSError.swift in Sources */ = {isa = PBXBuildFile; fileRef = ED6B469426B7E9CE00C2FA6D /* TRSError.swift */; };
		ED6B469F26B7E9CE00C2FA6D /* ServiceUnit.swift in Sources */ = {isa = PBXBuildFile; fileRef = ED6B469526B7E9CE00C2FA6D /* ServiceUnit.swift */; };
		ED6B46A026B7E9CE00C2FA6D /* Service.swift in Sources */ = {isa = PBXBuildFile; fileRef = ED6B469626B7E9CE00C2FA6D /* Service.swift */; };
		ED6B46A126B7E9CE00C2FA6D /* Workspace.swift in Sources */ = {isa = PBXBuildFile; fileRef = ED6B469726B7E9CE00C2FA6D /* Workspace.swift */; };
		ED6B46A226B7E9CE00C2FA6D /* Worker.swift in Sources */ = {isa = PBXBuildFile; fileRef = ED6B469826B7E9CE00C2FA6D /* Worker.swift */; };
		ED6B46A326B7E9CE00C2FA6D /* Stop.swift in Sources */ = {isa = PBXBuildFile; fileRef = ED6B469926B7E9CE00C2FA6D /* Stop.swift */; };
		ED6B46A426B7E9CE00C2FA6D /* ServiceLog.swift in Sources */ = {isa = PBXBuildFile; fileRef = ED6B469A26B7E9CE00C2FA6D /* ServiceLog.swift */; };
		ED6B46A526B7E9CE00C2FA6D /* Account.swift in Sources */ = {isa = PBXBuildFile; fileRef = ED6B469B26B7E9CE00C2FA6D /* Account.swift */; };
		ED6B46A626B7E9CE00C2FA6D /* Robot.swift in Sources */ = {isa = PBXBuildFile; fileRef = ED6B469C26B7E9CE00C2FA6D /* Robot.swift */; };
		ED6B46A726B7E9CE00C2FA6D /* InputPolicy.swift in Sources */ = {isa = PBXBuildFile; fileRef = ED6B469D26B7E9CE00C2FA6D /* InputPolicy.swift */; };
		ED6B46AD26B7EA4000C2FA6D /* LaunchScreenViewController.swift in Sources */ = {isa = PBXBuildFile; fileRef = ED6B46AB26B7EA3F00C2FA6D /* LaunchScreenViewController.swift */; };
		ED6B46AE26B7EA4000C2FA6D /* LaunchScreenViewReactor.swift in Sources */ = {isa = PBXBuildFile; fileRef = ED6B46AC26B7EA3F00C2FA6D /* LaunchScreenViewReactor.swift */; };
		ED6B46B026B7EE4E00C2FA6D /* Colors.swift in Sources */ = {isa = PBXBuildFile; fileRef = ED6B46AF26B7EE4E00C2FA6D /* Colors.swift */; };
		ED6B46B226B7EE5B00C2FA6D /* Constants.swift in Sources */ = {isa = PBXBuildFile; fileRef = ED6B46B126B7EE5B00C2FA6D /* Constants.swift */; };
		ED6B46B426B8025500C2FA6D /* Info.swift in Sources */ = {isa = PBXBuildFile; fileRef = ED6B46B326B8025500C2FA6D /* Info.swift */; };
		EDA1FA2126C12EE400E8C39B /* Station.graphql in Resources */ = {isa = PBXBuildFile; fileRef = EDA1FA2026C12EE400E8C39B /* Station.graphql */; };
		EDA1FA2326C1347200E8C39B /* Workspace.graphql in Resources */ = {isa = PBXBuildFile; fileRef = EDA1FA2226C1347200E8C39B /* Workspace.graphql */; };
		EDA1FA2526C1350900E8C39B /* User.graphql in Resources */ = {isa = PBXBuildFile; fileRef = EDA1FA2426C1350900E8C39B /* User.graphql */; };
		EDA1FA2726C14B9A00E8C39B /* schema.json in Resources */ = {isa = PBXBuildFile; fileRef = EDA1FA2626C14B9A00E8C39B /* schema.json */; };
		EDA1FA2926C14B9F00E8C39B /* API.swift in Sources */ = {isa = PBXBuildFile; fileRef = EDA1FA2826C14B9F00E8C39B /* API.swift */; };
		EDA1FA2D26C1524500E8C39B /* Station.swift in Sources */ = {isa = PBXBuildFile; fileRef = EDA1FA2C26C1524500E8C39B /* Station.swift */; };
		EDA1FA2F26C152E000E8C39B /* StationGroup.swift in Sources */ = {isa = PBXBuildFile; fileRef = EDA1FA2E26C152E000E8C39B /* StationGroup.swift */; };
		EDA1FA3126C1564700E8C39B /* User.swift in Sources */ = {isa = PBXBuildFile; fileRef = EDA1FA3026C1564700E8C39B /* User.swift */; };
		EDA1FA3326C1590100E8C39B /* FragmentModel.swift in Sources */ = {isa = PBXBuildFile; fileRef = EDA1FA3226C1590100E8C39B /* FragmentModel.swift */; };
		EDF0C39A26B405F60061552F /* AppDelegate.swift in Sources */ = {isa = PBXBuildFile; fileRef = EDF0C39926B405F60061552F /* AppDelegate.swift */; };
		EDF0C39C26B405F70061552F /* SceneDelegate.swift in Sources */ = {isa = PBXBuildFile; fileRef = EDF0C39B26B405F60061552F /* SceneDelegate.swift */; };
		EDF0C3A326B405F70061552F /* Assets.xcassets in Resources */ = {isa = PBXBuildFile; fileRef = EDF0C3A226B405F70061552F /* Assets.xcassets */; };
		EDF0C3A626B405F70061552F /* LaunchScreen.storyboard in Resources */ = {isa = PBXBuildFile; fileRef = EDF0C3A426B405F70061552F /* LaunchScreen.storyboard */; };
		FA3FCE30536CE7CEE5FA0BFF /* Pods_TARAS_Dev.framework in Frameworks */ = {isa = PBXBuildFile; fileRef = 6DE6787D8599D2785DAB6212 /* Pods_TARAS_Dev.framework */; };
/* End PBXBuildFile section */

/* Begin PBXFileReference section */
		0593411C0BCB302AC88FBE81 /* Pods-TARAS-Dev.debug.xcconfig */ = {isa = PBXFileReference; includeInIndex = 1; lastKnownFileType = text.xcconfig; name = "Pods-TARAS-Dev.debug.xcconfig"; path = "Target Support Files/Pods-TARAS-Dev/Pods-TARAS-Dev.debug.xcconfig"; sourceTree = "<group>"; };
		6DE6787D8599D2785DAB6212 /* Pods_TARAS_Dev.framework */ = {isa = PBXFileReference; explicitFileType = wrapper.framework; includeInIndex = 0; path = Pods_TARAS_Dev.framework; sourceTree = BUILT_PRODUCTS_DIR; };
		D8E05CDEA4DF226CF034A0C9 /* Pods-TARAS-Dev.release.xcconfig */ = {isa = PBXFileReference; includeInIndex = 1; lastKnownFileType = text.xcconfig; name = "Pods-TARAS-Dev.release.xcconfig"; path = "Target Support Files/Pods-TARAS-Dev/Pods-TARAS-Dev.release.xcconfig"; sourceTree = "<group>"; };
		ED52730A26C255FC0077CD9D /* GostButton.swift */ = {isa = PBXFileReference; fileEncoding = 4; lastKnownFileType = sourcecode.swift; path = GostButton.swift; sourceTree = "<group>"; };
		ED52730B26C255FC0077CD9D /* SignInView.swift */ = {isa = PBXFileReference; fileEncoding = 4; lastKnownFileType = sourcecode.swift; path = SignInView.swift; sourceTree = "<group>"; };
		ED52730C26C255FC0077CD9D /* LargeTitleView.swift */ = {isa = PBXFileReference; fileEncoding = 4; lastKnownFileType = sourcecode.swift; path = LargeTitleView.swift; sourceTree = "<group>"; };
		ED52730D26C255FC0077CD9D /* SignTextFieldView.swift */ = {isa = PBXFileReference; fileEncoding = 4; lastKnownFileType = sourcecode.swift; path = SignTextFieldView.swift; sourceTree = "<group>"; };
		ED52730E26C255FC0077CD9D /* TRSButton.swift */ = {isa = PBXFileReference; fileEncoding = 4; lastKnownFileType = sourcecode.swift; path = TRSButton.swift; sourceTree = "<group>"; };
		ED52730F26C255FC0077CD9D /* SignInViewController.swift */ = {isa = PBXFileReference; fileEncoding = 4; lastKnownFileType = sourcecode.swift; path = SignInViewController.swift; sourceTree = "<group>"; };
		ED52731026C255FC0077CD9D /* SignInViewReactor.swift */ = {isa = PBXFileReference; fileEncoding = 4; lastKnownFileType = sourcecode.swift; path = SignInViewReactor.swift; sourceTree = "<group>"; };
		ED52735926C3A03C0077CD9D /* SignUpIdViewController.swift */ = {isa = PBXFileReference; fileEncoding = 4; lastKnownFileType = sourcecode.swift; path = SignUpIdViewController.swift; sourceTree = "<group>"; };
		ED52735A26C3A03C0077CD9D /* SignUpIdViewReactor.swift */ = {isa = PBXFileReference; fileEncoding = 4; lastKnownFileType = sourcecode.swift; path = SignUpIdViewReactor.swift; sourceTree = "<group>"; };
		ED52735B26C3A03C0077CD9D /* SignUpIdView.swift */ = {isa = PBXFileReference; fileEncoding = 4; lastKnownFileType = sourcecode.swift; path = SignUpIdView.swift; sourceTree = "<group>"; };
		ED52735D26C3A03C0077CD9D /* SignUpNameViewController.swift */ = {isa = PBXFileReference; fileEncoding = 4; lastKnownFileType = sourcecode.swift; path = SignUpNameViewController.swift; sourceTree = "<group>"; };
		ED52735E26C3A03C0077CD9D /* SignUpNameView.swift */ = {isa = PBXFileReference; fileEncoding = 4; lastKnownFileType = sourcecode.swift; path = SignUpNameView.swift; sourceTree = "<group>"; };
		ED52735F26C3A03C0077CD9D /* SignUpNameViewReactor.swift */ = {isa = PBXFileReference; fileEncoding = 4; lastKnownFileType = sourcecode.swift; path = SignUpNameViewReactor.swift; sourceTree = "<group>"; };
		ED52736126C3A03C0077CD9D /* SignUpPasswordView.swift */ = {isa = PBXFileReference; fileEncoding = 4; lastKnownFileType = sourcecode.swift; path = SignUpPasswordView.swift; sourceTree = "<group>"; };
		ED52736226C3A03C0077CD9D /* SignUpPasswordViewController.swift */ = {isa = PBXFileReference; fileEncoding = 4; lastKnownFileType = sourcecode.swift; path = SignUpPasswordViewController.swift; sourceTree = "<group>"; };
		ED52736326C3A03C0077CD9D /* SignUpPasswordViewReactor.swift */ = {isa = PBXFileReference; fileEncoding = 4; lastKnownFileType = sourcecode.swift; path = SignUpPasswordViewReactor.swift; sourceTree = "<group>"; };
		ED52736926C3A03C0077CD9D /* SignUpNameViewReactor.graphql */ = {isa = PBXFileReference; fileEncoding = 4; lastKnownFileType = text; path = SignUpNameViewReactor.graphql; sourceTree = "<group>"; };
		ED52736B26C3A03C0077CD9D /* SignUpGuideView.swift */ = {isa = PBXFileReference; fileEncoding = 4; lastKnownFileType = sourcecode.swift; path = SignUpGuideView.swift; sourceTree = "<group>"; };
		ED52736C26C3A03C0077CD9D /* SignUpTextFieldView.swift */ = {isa = PBXFileReference; fileEncoding = 4; lastKnownFileType = sourcecode.swift; path = SignUpTextFieldView.swift; sourceTree = "<group>"; };
		ED6B45F126B7DF7D00C2FA6D /* BaseViewController.swift */ = {isa = PBXFileReference; fileEncoding = 4; lastKnownFileType = sourcecode.swift; path = BaseViewController.swift; sourceTree = "<group>"; };
		ED6B45F226B7DF7D00C2FA6D /* BaseNavigatableViewController.swift */ = {isa = PBXFileReference; fileEncoding = 4; lastKnownFileType = sourcecode.swift; path = BaseNavigatableViewController.swift; sourceTree = "<group>"; };
		ED6B45F326B7DF7D00C2FA6D /* BaseNavigationController.swift */ = {isa = PBXFileReference; fileEncoding = 4; lastKnownFileType = sourcecode.swift; path = BaseNavigationController.swift; sourceTree = "<group>"; };
		ED6B45F426B7DF7D00C2FA6D /* Position.swift */ = {isa = PBXFileReference; fileEncoding = 4; lastKnownFileType = sourcecode.swift; path = Position.swift; sourceTree = "<group>"; };
		ED6B45FA26B7DFF700C2FA6D /* Log.swift */ = {isa = PBXFileReference; fileEncoding = 4; lastKnownFileType = sourcecode.swift; path = Log.swift; sourceTree = "<group>"; };
		ED6B45FC26B7DFF700C2FA6D /* SwiftEntryKit_Show.swift */ = {isa = PBXFileReference; fileEncoding = 4; lastKnownFileType = sourcecode.swift; path = SwiftEntryKit_Show.swift; sourceTree = "<group>"; };
		ED6B45FD26B7DFF700C2FA6D /* SwiftEntryKit_String.swift */ = {isa = PBXFileReference; fileEncoding = 4; lastKnownFileType = sourcecode.swift; path = SwiftEntryKit_String.swift; sourceTree = "<group>"; };
		ED6B45FE26B7DFF700C2FA6D /* SwiftEntryKit.swift */ = {isa = PBXFileReference; fileEncoding = 4; lastKnownFileType = sourcecode.swift; path = SwiftEntryKit.swift; sourceTree = "<group>"; };
		ED6B45FF26B7DFF700C2FA6D /* SwiftEntryKit_View.swift */ = {isa = PBXFileReference; fileEncoding = 4; lastKnownFileType = sourcecode.swift; path = SwiftEntryKit_View.swift; sourceTree = "<group>"; };
		ED6B460026B7DFF700C2FA6D /* SwiftEntryKit_ViewController.swift */ = {isa = PBXFileReference; fileEncoding = 4; lastKnownFileType = sourcecode.swift; path = SwiftEntryKit_ViewController.swift; sourceTree = "<group>"; };
		ED6B460F26B7E51800C2FA6D /* GoogleService-Info.plist */ = {isa = PBXFileReference; fileEncoding = 4; lastKnownFileType = text.plist.xml; path = "GoogleService-Info.plist"; sourceTree = "<group>"; };
		ED6B461226B7E7CC00C2FA6D /* Date.swift */ = {isa = PBXFileReference; fileEncoding = 4; lastKnownFileType = sourcecode.swift; path = Date.swift; sourceTree = "<group>"; };
		ED6B461326B7E7CC00C2FA6D /* CocoaLumberjack.swift */ = {isa = PBXFileReference; fileEncoding = 4; lastKnownFileType = sourcecode.swift; path = CocoaLumberjack.swift; sourceTree = "<group>"; };
		ED6B461426B7E7CC00C2FA6D /* Int.swift */ = {isa = PBXFileReference; fileEncoding = 4; lastKnownFileType = sourcecode.swift; path = Int.swift; sourceTree = "<group>"; };
		ED6B461626B7E7CC00C2FA6D /* UIView.swift */ = {isa = PBXFileReference; fileEncoding = 4; lastKnownFileType = sourcecode.swift; path = UIView.swift; sourceTree = "<group>"; };
		ED6B461726B7E7CC00C2FA6D /* UIColor.swift */ = {isa = PBXFileReference; fileEncoding = 4; lastKnownFileType = sourcecode.swift; path = UIColor.swift; sourceTree = "<group>"; };
		ED6B461826B7E7CC00C2FA6D /* UIRefreshControl.swift */ = {isa = PBXFileReference; fileEncoding = 4; lastKnownFileType = sourcecode.swift; path = UIRefreshControl.swift; sourceTree = "<group>"; };
		ED6B461A26B7E7CC00C2FA6D /* UIDevice.swift */ = {isa = PBXFileReference; fileEncoding = 4; lastKnownFileType = sourcecode.swift; path = UIDevice.swift; sourceTree = "<group>"; };
		ED6B461B26B7E7CC00C2FA6D /* UITextField.swift */ = {isa = PBXFileReference; fileEncoding = 4; lastKnownFileType = sourcecode.swift; path = UITextField.swift; sourceTree = "<group>"; };
		ED6B461C26B7E7CC00C2FA6D /* UIButton.swift */ = {isa = PBXFileReference; fileEncoding = 4; lastKnownFileType = sourcecode.swift; path = UIButton.swift; sourceTree = "<group>"; };
		ED6B461D26B7E7CC00C2FA6D /* UIViewController.swift */ = {isa = PBXFileReference; fileEncoding = 4; lastKnownFileType = sourcecode.swift; path = UIViewController.swift; sourceTree = "<group>"; };
		ED6B461E26B7E7CC00C2FA6D /* UIWindow.swift */ = {isa = PBXFileReference; fileEncoding = 4; lastKnownFileType = sourcecode.swift; path = UIWindow.swift; sourceTree = "<group>"; };
		ED6B461F26B7E7CC00C2FA6D /* UIImageView.swift */ = {isa = PBXFileReference; fileEncoding = 4; lastKnownFileType = sourcecode.swift; path = UIImageView.swift; sourceTree = "<group>"; };
		ED6B462026B7E7CC00C2FA6D /* UIFont.swift */ = {isa = PBXFileReference; fileEncoding = 4; lastKnownFileType = sourcecode.swift; path = UIFont.swift; sourceTree = "<group>"; };
		ED6B462126B7E7CC00C2FA6D /* UITextView.swift */ = {isa = PBXFileReference; fileEncoding = 4; lastKnownFileType = sourcecode.swift; path = UITextView.swift; sourceTree = "<group>"; };
		ED6B462226B7E7CC00C2FA6D /* UINavigationController.swift */ = {isa = PBXFileReference; fileEncoding = 4; lastKnownFileType = sourcecode.swift; path = UINavigationController.swift; sourceTree = "<group>"; };
		ED6B462326B7E7CC00C2FA6D /* Log+Extract.swift */ = {isa = PBXFileReference; fileEncoding = 4; lastKnownFileType = sourcecode.swift; path = "Log+Extract.swift"; sourceTree = "<group>"; };
		ED6B462526B7E7CC00C2FA6D /* GraphQLOperation.swift */ = {isa = PBXFileReference; fileEncoding = 4; lastKnownFileType = sourcecode.swift; path = GraphQLOperation.swift; sourceTree = "<group>"; };
		ED6B462626B7E7CC00C2FA6D /* String.swift */ = {isa = PBXFileReference; fileEncoding = 4; lastKnownFileType = sourcecode.swift; path = String.swift; sourceTree = "<group>"; };
		ED6B462726B7E7CC00C2FA6D /* Optional.swift */ = {isa = PBXFileReference; fileEncoding = 4; lastKnownFileType = sourcecode.swift; path = Optional.swift; sourceTree = "<group>"; };
		ED6B462926B7E7CC00C2FA6D /* UILabel+Rx.swift */ = {isa = PBXFileReference; fileEncoding = 4; lastKnownFileType = sourcecode.swift; path = "UILabel+Rx.swift"; sourceTree = "<group>"; };
		ED6B462A26B7E7CC00C2FA6D /* FilterNil.swift */ = {isa = PBXFileReference; fileEncoding = 4; lastKnownFileType = sourcecode.swift; path = FilterNil.swift; sourceTree = "<group>"; };
		ED6B462B26B7E7CC00C2FA6D /* Reactor.swift */ = {isa = PBXFileReference; fileEncoding = 4; lastKnownFileType = sourcecode.swift; path = Reactor.swift; sourceTree = "<group>"; };
		ED6B462C26B7E7CC00C2FA6D /* UIView+Rx.swift */ = {isa = PBXFileReference; fileEncoding = 4; lastKnownFileType = sourcecode.swift; path = "UIView+Rx.swift"; sourceTree = "<group>"; };
		ED6B462D26B7E7CC00C2FA6D /* UIButton+Rx.swift */ = {isa = PBXFileReference; fileEncoding = 4; lastKnownFileType = sourcecode.swift; path = "UIButton+Rx.swift"; sourceTree = "<group>"; };
		ED6B462E26B7E7CC00C2FA6D /* UIViewController+Rx.swift */ = {isa = PBXFileReference; fileEncoding = 4; lastKnownFileType = sourcecode.swift; path = "UIViewController+Rx.swift"; sourceTree = "<group>"; };
		ED6B462F26B7E7CC00C2FA6D /* UICollectionView+Rx.swift */ = {isa = PBXFileReference; fileEncoding = 4; lastKnownFileType = sourcecode.swift; path = "UICollectionView+Rx.swift"; sourceTree = "<group>"; };
		ED6B463026B7E7CC00C2FA6D /* UITableView+Rx.swift */ = {isa = PBXFileReference; fileEncoding = 4; lastKnownFileType = sourcecode.swift; path = "UITableView+Rx.swift"; sourceTree = "<group>"; };
		ED6B463126B7E7CC00C2FA6D /* UIAlertController+Rx.swift */ = {isa = PBXFileReference; fileEncoding = 4; lastKnownFileType = sourcecode.swift; path = "UIAlertController+Rx.swift"; sourceTree = "<group>"; };
		ED6B463226B7E7CC00C2FA6D /* RxSwift+Operator.swift */ = {isa = PBXFileReference; fileEncoding = 4; lastKnownFileType = sourcecode.swift; path = "RxSwift+Operator.swift"; sourceTree = "<group>"; };
		ED6B463326B7E7CC00C2FA6D /* TimeInterval.swift */ = {isa = PBXFileReference; fileEncoding = 4; lastKnownFileType = sourcecode.swift; path = TimeInterval.swift; sourceTree = "<group>"; };
		ED6B463526B7E7CC00C2FA6D /* List_BaseObject.swift */ = {isa = PBXFileReference; fileEncoding = 4; lastKnownFileType = sourcecode.swift; path = List_BaseObject.swift; sourceTree = "<group>"; };
		ED6B463626B7E7CC00C2FA6D /* ThreadConfined_BaseObject.swift */ = {isa = PBXFileReference; fileEncoding = 4; lastKnownFileType = sourcecode.swift; path = ThreadConfined_BaseObject.swift; sourceTree = "<group>"; };
		ED6B463726B7E7CC00C2FA6D /* ThreadSafeReference_BaseObject.swift */ = {isa = PBXFileReference; fileEncoding = 4; lastKnownFileType = sourcecode.swift; path = ThreadSafeReference_BaseObject.swift; sourceTree = "<group>"; };
		ED6B463826B7E7CC00C2FA6D /* Results_BaseObject.swift */ = {isa = PBXFileReference; fileEncoding = 4; lastKnownFileType = sourcecode.swift; path = Results_BaseObject.swift; sourceTree = "<group>"; };
		ED6B463926B7E7CC00C2FA6D /* Sequence_BaseObject.swift */ = {isa = PBXFileReference; fileEncoding = 4; lastKnownFileType = sourcecode.swift; path = Sequence_BaseObject.swift; sourceTree = "<group>"; };
		ED6B466226B7E8B500C2FA6D /* TokenAddingInterceptor.swift */ = {isa = PBXFileReference; fileEncoding = 4; lastKnownFileType = sourcecode.swift; path = TokenAddingInterceptor.swift; sourceTree = "<group>"; };
		ED6B466326B7E8B500C2FA6D /* ErrorInterceptor.swift */ = {isa = PBXFileReference; fileEncoding = 4; lastKnownFileType = sourcecode.swift; path = ErrorInterceptor.swift; sourceTree = "<group>"; };
		ED6B466426B7E8B500C2FA6D /* BaseInterceptor.swift */ = {isa = PBXFileReference; fileEncoding = 4; lastKnownFileType = sourcecode.swift; path = BaseInterceptor.swift; sourceTree = "<group>"; };
		ED6B466526B7E8B500C2FA6D /* LoggingInterceptor.swift */ = {isa = PBXFileReference; fileEncoding = 4; lastKnownFileType = sourcecode.swift; path = LoggingInterceptor.swift; sourceTree = "<group>"; };
		ED6B466626B7E8B500C2FA6D /* NetworkInterceptorProvider.swift */ = {isa = PBXFileReference; fileEncoding = 4; lastKnownFileType = sourcecode.swift; path = NetworkInterceptorProvider.swift; sourceTree = "<group>"; };
		ED6B466726B7E8B500C2FA6D /* NetworkManager.swift */ = {isa = PBXFileReference; fileEncoding = 4; lastKnownFileType = sourcecode.swift; path = NetworkManager.swift; sourceTree = "<group>"; };
		ED6B466926B7E8B500C2FA6D /* SubscriptionManager.swift */ = {isa = PBXFileReference; fileEncoding = 4; lastKnownFileType = sourcecode.swift; path = SubscriptionManager.swift; sourceTree = "<group>"; };
		ED6B466C26B7E8B500C2FA6D /* PushManager.swift */ = {isa = PBXFileReference; fileEncoding = 4; lastKnownFileType = sourcecode.swift; path = PushManager.swift; sourceTree = "<group>"; };
		ED6B466E26B7E8B500C2FA6D /* NotificationInfo.swift */ = {isa = PBXFileReference; fileEncoding = 4; lastKnownFileType = sourcecode.swift; path = NotificationInfo.swift; sourceTree = "<group>"; };
		ED6B466F26B7E8B500C2FA6D /* NotificationType.swift */ = {isa = PBXFileReference; fileEncoding = 4; lastKnownFileType = sourcecode.swift; path = NotificationType.swift; sourceTree = "<group>"; };
		ED6B467026B7E8B500C2FA6D /* BaseManager.swift */ = {isa = PBXFileReference; fileEncoding = 4; lastKnownFileType = sourcecode.swift; path = BaseManager.swift; sourceTree = "<group>"; };
		ED6B467126B7E8B500C2FA6D /* ManagerProvider.swift */ = {isa = PBXFileReference; fileEncoding = 4; lastKnownFileType = sourcecode.swift; path = ManagerProvider.swift; sourceTree = "<group>"; };
		ED6B467326B7E8B500C2FA6D /* UserManager.swift */ = {isa = PBXFileReference; fileEncoding = 4; lastKnownFileType = sourcecode.swift; path = UserManager.swift; sourceTree = "<group>"; };
		ED6B467626B7E8B500C2FA6D /* TypeUnification.swift */ = {isa = PBXFileReference; fileEncoding = 4; lastKnownFileType = sourcecode.swift; path = TypeUnification.swift; sourceTree = "<group>"; };
		ED6B467726B7E8B500C2FA6D /* ServiceManager.swift */ = {isa = PBXFileReference; fileEncoding = 4; lastKnownFileType = sourcecode.swift; path = ServiceManager.swift; sourceTree = "<group>"; };
		ED6B467926B7E8B500C2FA6D /* RealmManager.swift */ = {isa = PBXFileReference; fileEncoding = 4; lastKnownFileType = sourcecode.swift; path = RealmManager.swift; sourceTree = "<group>"; };
		ED6B467B26B7E8B500C2FA6D /* TEST_TB.swift */ = {isa = PBXFileReference; fileEncoding = 4; lastKnownFileType = sourcecode.swift; path = TEST_TB.swift; sourceTree = "<group>"; };
		ED6B467C26B7E8B500C2FA6D /* USER_TB.swift */ = {isa = PBXFileReference; fileEncoding = 4; lastKnownFileType = sourcecode.swift; path = USER_TB.swift; sourceTree = "<group>"; };
		ED6B467D26B7E8B500C2FA6D /* BaseObject.swift */ = {isa = PBXFileReference; fileEncoding = 4; lastKnownFileType = sourcecode.swift; path = BaseObject.swift; sourceTree = "<group>"; };
		ED6B469426B7E9CE00C2FA6D /* TRSError.swift */ = {isa = PBXFileReference; fileEncoding = 4; lastKnownFileType = sourcecode.swift; path = TRSError.swift; sourceTree = "<group>"; };
		ED6B469526B7E9CE00C2FA6D /* ServiceUnit.swift */ = {isa = PBXFileReference; fileEncoding = 4; lastKnownFileType = sourcecode.swift; path = ServiceUnit.swift; sourceTree = "<group>"; };
		ED6B469626B7E9CE00C2FA6D /* Service.swift */ = {isa = PBXFileReference; fileEncoding = 4; lastKnownFileType = sourcecode.swift; path = Service.swift; sourceTree = "<group>"; };
		ED6B469726B7E9CE00C2FA6D /* Workspace.swift */ = {isa = PBXFileReference; fileEncoding = 4; lastKnownFileType = sourcecode.swift; path = Workspace.swift; sourceTree = "<group>"; };
		ED6B469826B7E9CE00C2FA6D /* Worker.swift */ = {isa = PBXFileReference; fileEncoding = 4; lastKnownFileType = sourcecode.swift; path = Worker.swift; sourceTree = "<group>"; };
		ED6B469926B7E9CE00C2FA6D /* Stop.swift */ = {isa = PBXFileReference; fileEncoding = 4; lastKnownFileType = sourcecode.swift; path = Stop.swift; sourceTree = "<group>"; };
		ED6B469A26B7E9CE00C2FA6D /* ServiceLog.swift */ = {isa = PBXFileReference; fileEncoding = 4; lastKnownFileType = sourcecode.swift; path = ServiceLog.swift; sourceTree = "<group>"; };
		ED6B469B26B7E9CE00C2FA6D /* Account.swift */ = {isa = PBXFileReference; fileEncoding = 4; lastKnownFileType = sourcecode.swift; path = Account.swift; sourceTree = "<group>"; };
		ED6B469C26B7E9CE00C2FA6D /* Robot.swift */ = {isa = PBXFileReference; fileEncoding = 4; lastKnownFileType = sourcecode.swift; path = Robot.swift; sourceTree = "<group>"; };
		ED6B469D26B7E9CE00C2FA6D /* InputPolicy.swift */ = {isa = PBXFileReference; fileEncoding = 4; lastKnownFileType = sourcecode.swift; path = InputPolicy.swift; sourceTree = "<group>"; };
		ED6B46AB26B7EA3F00C2FA6D /* LaunchScreenViewController.swift */ = {isa = PBXFileReference; fileEncoding = 4; lastKnownFileType = sourcecode.swift; path = LaunchScreenViewController.swift; sourceTree = "<group>"; };
		ED6B46AC26B7EA3F00C2FA6D /* LaunchScreenViewReactor.swift */ = {isa = PBXFileReference; fileEncoding = 4; lastKnownFileType = sourcecode.swift; path = LaunchScreenViewReactor.swift; sourceTree = "<group>"; };
		ED6B46AF26B7EE4E00C2FA6D /* Colors.swift */ = {isa = PBXFileReference; lastKnownFileType = sourcecode.swift; path = Colors.swift; sourceTree = "<group>"; };
		ED6B46B126B7EE5B00C2FA6D /* Constants.swift */ = {isa = PBXFileReference; lastKnownFileType = sourcecode.swift; path = Constants.swift; sourceTree = "<group>"; };
		ED6B46B326B8025500C2FA6D /* Info.swift */ = {isa = PBXFileReference; lastKnownFileType = sourcecode.swift; path = Info.swift; sourceTree = "<group>"; };
		EDA1FA2026C12EE400E8C39B /* Station.graphql */ = {isa = PBXFileReference; lastKnownFileType = text; path = Station.graphql; sourceTree = "<group>"; };
		EDA1FA2226C1347200E8C39B /* Workspace.graphql */ = {isa = PBXFileReference; lastKnownFileType = text; path = Workspace.graphql; sourceTree = "<group>"; };
		EDA1FA2426C1350900E8C39B /* User.graphql */ = {isa = PBXFileReference; lastKnownFileType = text; path = User.graphql; sourceTree = "<group>"; };
		EDA1FA2626C14B9A00E8C39B /* schema.json */ = {isa = PBXFileReference; fileEncoding = 4; lastKnownFileType = text.json; path = schema.json; sourceTree = SOURCE_ROOT; };
		EDA1FA2826C14B9F00E8C39B /* API.swift */ = {isa = PBXFileReference; fileEncoding = 4; lastKnownFileType = sourcecode.swift; path = API.swift; sourceTree = SOURCE_ROOT; };
		EDA1FA2C26C1524500E8C39B /* Station.swift */ = {isa = PBXFileReference; lastKnownFileType = sourcecode.swift; path = Station.swift; sourceTree = "<group>"; };
		EDA1FA2E26C152E000E8C39B /* StationGroup.swift */ = {isa = PBXFileReference; lastKnownFileType = sourcecode.swift; path = StationGroup.swift; sourceTree = "<group>"; };
		EDA1FA3026C1564700E8C39B /* User.swift */ = {isa = PBXFileReference; lastKnownFileType = sourcecode.swift; path = User.swift; sourceTree = "<group>"; };
		EDA1FA3226C1590100E8C39B /* FragmentModel.swift */ = {isa = PBXFileReference; lastKnownFileType = sourcecode.swift; path = FragmentModel.swift; sourceTree = "<group>"; };
		EDF0C39626B405F60061552F /* TARAS-Dev.app */ = {isa = PBXFileReference; explicitFileType = wrapper.application; includeInIndex = 0; path = "TARAS-Dev.app"; sourceTree = BUILT_PRODUCTS_DIR; };
		EDF0C39926B405F60061552F /* AppDelegate.swift */ = {isa = PBXFileReference; lastKnownFileType = sourcecode.swift; path = AppDelegate.swift; sourceTree = "<group>"; };
		EDF0C39B26B405F60061552F /* SceneDelegate.swift */ = {isa = PBXFileReference; lastKnownFileType = sourcecode.swift; path = SceneDelegate.swift; sourceTree = "<group>"; };
		EDF0C3A226B405F70061552F /* Assets.xcassets */ = {isa = PBXFileReference; lastKnownFileType = folder.assetcatalog; path = Assets.xcassets; sourceTree = "<group>"; };
		EDF0C3A526B405F70061552F /* Base */ = {isa = PBXFileReference; lastKnownFileType = file.storyboard; name = Base; path = Base.lproj/LaunchScreen.storyboard; sourceTree = "<group>"; };
		EDF0C3A726B405F70061552F /* Info-dev.plist */ = {isa = PBXFileReference; lastKnownFileType = text.plist.xml; path = "Info-dev.plist"; sourceTree = "<group>"; };
		EDF0C3AD26B41BA20061552F /* TARAS-Dev.entitlements */ = {isa = PBXFileReference; lastKnownFileType = text.plist.entitlements; path = "TARAS-Dev.entitlements"; sourceTree = "<group>"; };
/* End PBXFileReference section */

/* Begin PBXFrameworksBuildPhase section */
		EDF0C39326B405F60061552F /* Frameworks */ = {
			isa = PBXFrameworksBuildPhase;
			buildActionMask = 2147483647;
			files = (
				FA3FCE30536CE7CEE5FA0BFF /* Pods_TARAS_Dev.framework in Frameworks */,
			);
			runOnlyForDeploymentPostprocessing = 0;
		};
/* End PBXFrameworksBuildPhase section */

/* Begin PBXGroup section */
		B78B945B18F3A657F0DEEFC7 /* Frameworks */ = {
			isa = PBXGroup;
			children = (
				6DE6787D8599D2785DAB6212 /* Pods_TARAS_Dev.framework */,
			);
			name = Frameworks;
			sourceTree = "<group>";
		};
		BEE83EA739F40AF88EFBC2BE /* Pods */ = {
			isa = PBXGroup;
			children = (
				0593411C0BCB302AC88FBE81 /* Pods-TARAS-Dev.debug.xcconfig */,
				D8E05CDEA4DF226CF034A0C9 /* Pods-TARAS-Dev.release.xcconfig */,
			);
			path = Pods;
			sourceTree = "<group>";
		};
		ED52730726C255FC0077CD9D /* SignIn */ = {
			isa = PBXGroup;
			children = (
				ED52730926C255FC0077CD9D /* View */,
				ED52730F26C255FC0077CD9D /* SignInViewController.swift */,
				ED52731026C255FC0077CD9D /* SignInViewReactor.swift */,
			);
			path = SignIn;
			sourceTree = "<group>";
		};
		ED52730926C255FC0077CD9D /* View */ = {
			isa = PBXGroup;
			children = (
				ED52730A26C255FC0077CD9D /* GostButton.swift */,
				ED52730B26C255FC0077CD9D /* SignInView.swift */,
				ED52730C26C255FC0077CD9D /* LargeTitleView.swift */,
				ED52730D26C255FC0077CD9D /* SignTextFieldView.swift */,
				ED52730E26C255FC0077CD9D /* TRSButton.swift */,
			);
			path = View;
			sourceTree = "<group>";
		};
		ED52735226C3A03C0077CD9D /* SignUp */ = {
			isa = PBXGroup;
			children = (
				ED52736A26C3A03C0077CD9D /* View */,
				ED52735726C3A03C0077CD9D /* SignUpId */,
				ED52736026C3A03C0077CD9D /* SignUpPassword */,
				ED52735C26C3A03C0077CD9D /* SignUpName */,
			);
			path = SignUp;
			sourceTree = "<group>";
		};
		ED52735726C3A03C0077CD9D /* SignUpId */ = {
			isa = PBXGroup;
			children = (
				ED52735B26C3A03C0077CD9D /* SignUpIdView.swift */,
				ED52735926C3A03C0077CD9D /* SignUpIdViewController.swift */,
				ED52735A26C3A03C0077CD9D /* SignUpIdViewReactor.swift */,
			);
			path = SignUpId;
			sourceTree = "<group>";
		};
		ED52735C26C3A03C0077CD9D /* SignUpName */ = {
			isa = PBXGroup;
			children = (
				ED52735E26C3A03C0077CD9D /* SignUpNameView.swift */,
				ED52735D26C3A03C0077CD9D /* SignUpNameViewController.swift */,
				ED52735F26C3A03C0077CD9D /* SignUpNameViewReactor.swift */,
				ED52736926C3A03C0077CD9D /* SignUpNameViewReactor.graphql */,
			);
			path = SignUpName;
			sourceTree = "<group>";
		};
		ED52736026C3A03C0077CD9D /* SignUpPassword */ = {
			isa = PBXGroup;
			children = (
				ED52736126C3A03C0077CD9D /* SignUpPasswordView.swift */,
				ED52736226C3A03C0077CD9D /* SignUpPasswordViewController.swift */,
				ED52736326C3A03C0077CD9D /* SignUpPasswordViewReactor.swift */,
			);
			path = SignUpPassword;
			sourceTree = "<group>";
		};
		ED52736A26C3A03C0077CD9D /* View */ = {
			isa = PBXGroup;
			children = (
				ED52736B26C3A03C0077CD9D /* SignUpGuideView.swift */,
				ED52736C26C3A03C0077CD9D /* SignUpTextFieldView.swift */,
			);
			path = View;
			sourceTree = "<group>";
		};
		ED6B45F026B7DF7D00C2FA6D /* Base */ = {
			isa = PBXGroup;
			children = (
				ED6B45F126B7DF7D00C2FA6D /* BaseViewController.swift */,
				ED6B45F226B7DF7D00C2FA6D /* BaseNavigatableViewController.swift */,
				ED6B45F326B7DF7D00C2FA6D /* BaseNavigationController.swift */,
				ED6B45F426B7DF7D00C2FA6D /* Position.swift */,
			);
			path = Base;
			sourceTree = "<group>";
		};
		ED6B45F926B7DFF700C2FA6D /* Utilities */ = {
			isa = PBXGroup;
			children = (
				ED6B46B126B7EE5B00C2FA6D /* Constants.swift */,
				ED6B46AF26B7EE4E00C2FA6D /* Colors.swift */,
				ED6B45FA26B7DFF700C2FA6D /* Log.swift */,
				ED6B46B326B8025500C2FA6D /* Info.swift */,
				ED6B45FB26B7DFF700C2FA6D /* SwiftEntryKit */,
			);
			path = Utilities;
			sourceTree = "<group>";
		};
		ED6B45FB26B7DFF700C2FA6D /* SwiftEntryKit */ = {
			isa = PBXGroup;
			children = (
				ED6B45FC26B7DFF700C2FA6D /* SwiftEntryKit_Show.swift */,
				ED6B45FD26B7DFF700C2FA6D /* SwiftEntryKit_String.swift */,
				ED6B45FE26B7DFF700C2FA6D /* SwiftEntryKit.swift */,
				ED6B45FF26B7DFF700C2FA6D /* SwiftEntryKit_View.swift */,
				ED6B460026B7DFF700C2FA6D /* SwiftEntryKit_ViewController.swift */,
			);
			path = SwiftEntryKit;
			sourceTree = "<group>";
		};
		ED6B460D26B7E34900C2FA6D /* Resources */ = {
			isa = PBXGroup;
			children = (
				EDF0C3A226B405F70061552F /* Assets.xcassets */,
				EDF0C3AD26B41BA20061552F /* TARAS-Dev.entitlements */,
				EDF0C3A726B405F70061552F /* Info-dev.plist */,
				ED6B460F26B7E51800C2FA6D /* GoogleService-Info.plist */,
				EDF0C3A426B405F70061552F /* LaunchScreen.storyboard */,
				EDA1FA2626C14B9A00E8C39B /* schema.json */,
				EDA1FA2826C14B9F00E8C39B /* API.swift */,
			);
			path = Resources;
			sourceTree = "<group>";
		};
		ED6B460E26B7E37800C2FA6D /* App */ = {
			isa = PBXGroup;
			children = (
				EDF0C39926B405F60061552F /* AppDelegate.swift */,
				EDF0C39B26B405F60061552F /* SceneDelegate.swift */,
			);
			path = App;
			sourceTree = "<group>";
		};
		ED6B461126B7E7CC00C2FA6D /* Extensions */ = {
			isa = PBXGroup;
			children = (
				ED6B461226B7E7CC00C2FA6D /* Date.swift */,
				ED6B461426B7E7CC00C2FA6D /* Int.swift */,
				ED6B462626B7E7CC00C2FA6D /* String.swift */,
				ED6B462726B7E7CC00C2FA6D /* Optional.swift */,
				ED6B463326B7E7CC00C2FA6D /* TimeInterval.swift */,
				ED6B461526B7E7CC00C2FA6D /* Cocoa */,
				ED6B462826B7E7CC00C2FA6D /* Rx */,
				ED6B462426B7E7CC00C2FA6D /* GraphQL */,
				ED6B463426B7E7CC00C2FA6D /* Realm */,
				ED6B465E26B7E86700C2FA6D /* CocoaLumberjack */,
			);
			name = Extensions;
			path = TARAS/Extensions;
			sourceTree = SOURCE_ROOT;
		};
		ED6B461526B7E7CC00C2FA6D /* Cocoa */ = {
			isa = PBXGroup;
			children = (
				ED6B461626B7E7CC00C2FA6D /* UIView.swift */,
				ED6B461726B7E7CC00C2FA6D /* UIColor.swift */,
				ED6B461826B7E7CC00C2FA6D /* UIRefreshControl.swift */,
				ED6B461A26B7E7CC00C2FA6D /* UIDevice.swift */,
				ED6B461B26B7E7CC00C2FA6D /* UITextField.swift */,
				ED6B461C26B7E7CC00C2FA6D /* UIButton.swift */,
				ED6B461D26B7E7CC00C2FA6D /* UIViewController.swift */,
				ED6B461E26B7E7CC00C2FA6D /* UIWindow.swift */,
				ED6B461F26B7E7CC00C2FA6D /* UIImageView.swift */,
				ED6B462026B7E7CC00C2FA6D /* UIFont.swift */,
				ED6B462126B7E7CC00C2FA6D /* UITextView.swift */,
				ED6B462226B7E7CC00C2FA6D /* UINavigationController.swift */,
			);
			path = Cocoa;
			sourceTree = "<group>";
		};
		ED6B462426B7E7CC00C2FA6D /* GraphQL */ = {
			isa = PBXGroup;
			children = (
				ED6B462526B7E7CC00C2FA6D /* GraphQLOperation.swift */,
			);
			path = GraphQL;
			sourceTree = "<group>";
		};
		ED6B462826B7E7CC00C2FA6D /* Rx */ = {
			isa = PBXGroup;
			children = (
				ED6B462926B7E7CC00C2FA6D /* UILabel+Rx.swift */,
				ED6B462A26B7E7CC00C2FA6D /* FilterNil.swift */,
				ED6B462B26B7E7CC00C2FA6D /* Reactor.swift */,
				ED6B462C26B7E7CC00C2FA6D /* UIView+Rx.swift */,
				ED6B462D26B7E7CC00C2FA6D /* UIButton+Rx.swift */,
				ED6B462E26B7E7CC00C2FA6D /* UIViewController+Rx.swift */,
				ED6B462F26B7E7CC00C2FA6D /* UICollectionView+Rx.swift */,
				ED6B463026B7E7CC00C2FA6D /* UITableView+Rx.swift */,
				ED6B463126B7E7CC00C2FA6D /* UIAlertController+Rx.swift */,
				ED6B463226B7E7CC00C2FA6D /* RxSwift+Operator.swift */,
			);
			path = Rx;
			sourceTree = "<group>";
		};
		ED6B463426B7E7CC00C2FA6D /* Realm */ = {
			isa = PBXGroup;
			children = (
				ED6B463526B7E7CC00C2FA6D /* List_BaseObject.swift */,
				ED6B463626B7E7CC00C2FA6D /* ThreadConfined_BaseObject.swift */,
				ED6B463726B7E7CC00C2FA6D /* ThreadSafeReference_BaseObject.swift */,
				ED6B463826B7E7CC00C2FA6D /* Results_BaseObject.swift */,
				ED6B463926B7E7CC00C2FA6D /* Sequence_BaseObject.swift */,
			);
			path = Realm;
			sourceTree = "<group>";
		};
		ED6B465E26B7E86700C2FA6D /* CocoaLumberjack */ = {
			isa = PBXGroup;
			children = (
				ED6B461326B7E7CC00C2FA6D /* CocoaLumberjack.swift */,
				ED6B462326B7E7CC00C2FA6D /* Log+Extract.swift */,
			);
			path = CocoaLumberjack;
			sourceTree = "<group>";
		};
		ED6B465F26B7E8B500C2FA6D /* Managers */ = {
			isa = PBXGroup;
			children = (
				ED6B467026B7E8B500C2FA6D /* BaseManager.swift */,
				ED6B467126B7E8B500C2FA6D /* ManagerProvider.swift */,
				ED6B466026B7E8B500C2FA6D /* NetworkManager */,
				ED6B466826B7E8B500C2FA6D /* SubscriptionManager */,
				ED6B466B26B7E8B500C2FA6D /* PushManager */,
				ED6B467226B7E8B500C2FA6D /* UserManager */,
				ED6B467526B7E8B500C2FA6D /* ServiceManager */,
				ED6B467826B7E8B500C2FA6D /* DBManager */,
			);
			path = Managers;
			sourceTree = "<group>";
		};
		ED6B466026B7E8B500C2FA6D /* NetworkManager */ = {
			isa = PBXGroup;
			children = (
				ED6B466726B7E8B500C2FA6D /* NetworkManager.swift */,
				ED6B466126B7E8B500C2FA6D /* Interceptors */,
				EDA1FA2A26C1517000E8C39B /* GraphQLModels */,
			);
			path = NetworkManager;
			sourceTree = "<group>";
		};
		ED6B466126B7E8B500C2FA6D /* Interceptors */ = {
			isa = PBXGroup;
			children = (
				ED6B466226B7E8B500C2FA6D /* TokenAddingInterceptor.swift */,
				ED6B466326B7E8B500C2FA6D /* ErrorInterceptor.swift */,
				ED6B466426B7E8B500C2FA6D /* BaseInterceptor.swift */,
				ED6B466526B7E8B500C2FA6D /* LoggingInterceptor.swift */,
				ED6B466626B7E8B500C2FA6D /* NetworkInterceptorProvider.swift */,
			);
			path = Interceptors;
			sourceTree = "<group>";
		};
		ED6B466826B7E8B500C2FA6D /* SubscriptionManager */ = {
			isa = PBXGroup;
			children = (
				ED6B466926B7E8B500C2FA6D /* SubscriptionManager.swift */,
			);
			path = SubscriptionManager;
			sourceTree = "<group>";
		};
		ED6B466B26B7E8B500C2FA6D /* PushManager */ = {
			isa = PBXGroup;
			children = (
				ED6B466C26B7E8B500C2FA6D /* PushManager.swift */,
				ED6B466D26B7E8B500C2FA6D /* Model */,
			);
			path = PushManager;
			sourceTree = "<group>";
		};
		ED6B466D26B7E8B500C2FA6D /* Model */ = {
			isa = PBXGroup;
			children = (
				ED6B466E26B7E8B500C2FA6D /* NotificationInfo.swift */,
				ED6B466F26B7E8B500C2FA6D /* NotificationType.swift */,
			);
			path = Model;
			sourceTree = "<group>";
		};
		ED6B467226B7E8B500C2FA6D /* UserManager */ = {
			isa = PBXGroup;
			children = (
				ED6B467326B7E8B500C2FA6D /* UserManager.swift */,
			);
			path = UserManager;
			sourceTree = "<group>";
		};
		ED6B467526B7E8B500C2FA6D /* ServiceManager */ = {
			isa = PBXGroup;
			children = (
				ED6B467626B7E8B500C2FA6D /* TypeUnification.swift */,
				ED6B467726B7E8B500C2FA6D /* ServiceManager.swift */,
			);
			path = ServiceManager;
			sourceTree = "<group>";
		};
		ED6B467826B7E8B500C2FA6D /* DBManager */ = {
			isa = PBXGroup;
			children = (
				ED6B467926B7E8B500C2FA6D /* RealmManager.swift */,
				ED6B467A26B7E8B500C2FA6D /* Models */,
			);
			path = DBManager;
			sourceTree = "<group>";
		};
		ED6B467A26B7E8B500C2FA6D /* Models */ = {
			isa = PBXGroup;
			children = (
				ED6B467B26B7E8B500C2FA6D /* TEST_TB.swift */,
				ED6B467C26B7E8B500C2FA6D /* USER_TB.swift */,
				ED6B467D26B7E8B500C2FA6D /* BaseObject.swift */,
			);
			path = Models;
			sourceTree = "<group>";
		};
		ED6B469326B7E9CE00C2FA6D /* Models */ = {
			isa = PBXGroup;
			children = (
				ED6B469426B7E9CE00C2FA6D /* TRSError.swift */,
				ED6B469526B7E9CE00C2FA6D /* ServiceUnit.swift */,
				ED6B469626B7E9CE00C2FA6D /* Service.swift */,
				ED6B469726B7E9CE00C2FA6D /* Workspace.swift */,
				ED6B469826B7E9CE00C2FA6D /* Worker.swift */,
				ED6B469926B7E9CE00C2FA6D /* Stop.swift */,
				EDA1FA2C26C1524500E8C39B /* Station.swift */,
				EDA1FA2E26C152E000E8C39B /* StationGroup.swift */,
				EDA1FA3026C1564700E8C39B /* User.swift */,
				ED6B469A26B7E9CE00C2FA6D /* ServiceLog.swift */,
				ED6B469B26B7E9CE00C2FA6D /* Account.swift */,
				ED6B469C26B7E9CE00C2FA6D /* Robot.swift */,
				ED6B469D26B7E9CE00C2FA6D /* InputPolicy.swift */,
				EDA1FA3226C1590100E8C39B /* FragmentModel.swift */,
			);
			path = Models;
			sourceTree = "<group>";
		};
		ED6B46A826B7EA3F00C2FA6D /* Presentations */ = {
			isa = PBXGroup;
			children = (
				ED6B46A926B7EA3F00C2FA6D /* Intro */,
			);
			path = Presentations;
			sourceTree = "<group>";
		};
		ED6B46A926B7EA3F00C2FA6D /* Intro */ = {
			isa = PBXGroup;
			children = (
				ED6B46AA26B7EA3F00C2FA6D /* Launch */,
				ED52730726C255FC0077CD9D /* SignIn */,
				ED52735226C3A03C0077CD9D /* SignUp */,
			);
			path = Intro;
			sourceTree = "<group>";
		};
		ED6B46AA26B7EA3F00C2FA6D /* Launch */ = {
			isa = PBXGroup;
			children = (
				ED6B46AB26B7EA3F00C2FA6D /* LaunchScreenViewController.swift */,
				ED6B46AC26B7EA3F00C2FA6D /* LaunchScreenViewReactor.swift */,
			);
			path = Launch;
			sourceTree = "<group>";
		};
		EDA1FA2A26C1517000E8C39B /* GraphQLModels */ = {
			isa = PBXGroup;
			children = (
				EDA1FA2026C12EE400E8C39B /* Station.graphql */,
				EDA1FA2226C1347200E8C39B /* Workspace.graphql */,
				EDA1FA2426C1350900E8C39B /* User.graphql */,
			);
			path = GraphQLModels;
			sourceTree = "<group>";
		};
		EDF0C38D26B405F60061552F = {
			isa = PBXGroup;
			children = (
				EDF0C39826B405F60061552F /* TARAS */,
				EDF0C39726B405F60061552F /* Products */,
				BEE83EA739F40AF88EFBC2BE /* Pods */,
				B78B945B18F3A657F0DEEFC7 /* Frameworks */,
			);
			sourceTree = "<group>";
		};
		EDF0C39726B405F60061552F /* Products */ = {
			isa = PBXGroup;
			children = (
				EDF0C39626B405F60061552F /* TARAS-Dev.app */,
			);
			name = Products;
			sourceTree = "<group>";
		};
		EDF0C39826B405F60061552F /* TARAS */ = {
			isa = PBXGroup;
			children = (
				ED6B460E26B7E37800C2FA6D /* App */,
				ED6B45F026B7DF7D00C2FA6D /* Base */,
				ED6B465F26B7E8B500C2FA6D /* Managers */,
				ED6B469326B7E9CE00C2FA6D /* Models */,
				ED6B46A826B7EA3F00C2FA6D /* Presentations */,
				ED6B461126B7E7CC00C2FA6D /* Extensions */,
				ED6B45F926B7DFF700C2FA6D /* Utilities */,
				ED6B460D26B7E34900C2FA6D /* Resources */,
			);
			path = TARAS;
			sourceTree = "<group>";
		};
/* End PBXGroup section */

/* Begin PBXNativeTarget section */
		EDF0C39526B405F60061552F /* TARAS-Dev */ = {
			isa = PBXNativeTarget;
			buildConfigurationList = EDF0C3AA26B405F70061552F /* Build configuration list for PBXNativeTarget "TARAS-Dev" */;
			buildPhases = (
				86C4D66D1468F977BED34B6C /* [CP] Check Pods Manifest.lock */,
				ED6B45EF26B7C6C300C2FA6D /* Generate Apollo GraphQL API */,
				EDF0C39226B405F60061552F /* Sources */,
				EDF0C39326B405F60061552F /* Frameworks */,
				EDF0C39426B405F60061552F /* Resources */,
				B8644044C0CCB20F37BBB37C /* [CP] Embed Pods Frameworks */,
			);
			buildRules = (
			);
			dependencies = (
			);
			name = "TARAS-Dev";
			productName = TARAS;
			productReference = EDF0C39626B405F60061552F /* TARAS-Dev.app */;
			productType = "com.apple.product-type.application";
		};
/* End PBXNativeTarget section */

/* Begin PBXProject section */
		EDF0C38E26B405F60061552F /* Project object */ = {
			isa = PBXProject;
			attributes = {
				LastSwiftUpdateCheck = 1250;
				LastUpgradeCheck = 1250;
				TargetAttributes = {
					EDF0C39526B405F60061552F = {
						CreatedOnToolsVersion = 12.5.1;
					};
				};
			};
			buildConfigurationList = EDF0C39126B405F60061552F /* Build configuration list for PBXProject "TARAS" */;
			compatibilityVersion = "Xcode 9.3";
			developmentRegion = en;
			hasScannedForEncodings = 0;
			knownRegions = (
				en,
				Base,
			);
			mainGroup = EDF0C38D26B405F60061552F;
			productRefGroup = EDF0C39726B405F60061552F /* Products */;
			projectDirPath = "";
			projectRoot = "";
			targets = (
				EDF0C39526B405F60061552F /* TARAS-Dev */,
			);
		};
/* End PBXProject section */

/* Begin PBXResourcesBuildPhase section */
		EDF0C39426B405F60061552F /* Resources */ = {
			isa = PBXResourcesBuildPhase;
			buildActionMask = 2147483647;
			files = (
				EDA1FA2726C14B9A00E8C39B /* schema.json in Resources */,
				EDA1FA2526C1350900E8C39B /* User.graphql in Resources */,
				EDF0C3A626B405F70061552F /* LaunchScreen.storyboard in Resources */,
				EDF0C3A326B405F70061552F /* Assets.xcassets in Resources */,
				EDA1FA2326C1347200E8C39B /* Workspace.graphql in Resources */,
				EDA1FA2126C12EE400E8C39B /* Station.graphql in Resources */,
				ED6B461026B7E51800C2FA6D /* GoogleService-Info.plist in Resources */,
				ED52737E26C3A03C0077CD9D /* SignUpNameViewReactor.graphql in Resources */,
			);
			runOnlyForDeploymentPostprocessing = 0;
		};
/* End PBXResourcesBuildPhase section */

/* Begin PBXShellScriptBuildPhase section */
		86C4D66D1468F977BED34B6C /* [CP] Check Pods Manifest.lock */ = {
			isa = PBXShellScriptBuildPhase;
			buildActionMask = 2147483647;
			files = (
			);
			inputFileListPaths = (
			);
			inputPaths = (
				"${PODS_PODFILE_DIR_PATH}/Podfile.lock",
				"${PODS_ROOT}/Manifest.lock",
			);
			name = "[CP] Check Pods Manifest.lock";
			outputFileListPaths = (
			);
			outputPaths = (
				"$(DERIVED_FILE_DIR)/Pods-TARAS-Dev-checkManifestLockResult.txt",
			);
			runOnlyForDeploymentPostprocessing = 0;
			shellPath = /bin/sh;
			shellScript = "diff \"${PODS_PODFILE_DIR_PATH}/Podfile.lock\" \"${PODS_ROOT}/Manifest.lock\" > /dev/null\nif [ $? != 0 ] ; then\n    # print error to STDERR\n    echo \"error: The sandbox is not in sync with the Podfile.lock. Run 'pod install' or update your CocoaPods installation.\" >&2\n    exit 1\nfi\n# This output is used by Xcode 'outputs' to avoid re-running this script phase.\necho \"SUCCESS\" > \"${SCRIPT_OUTPUT_FILE_0}\"\n";
			showEnvVarsInLog = 0;
		};
		B8644044C0CCB20F37BBB37C /* [CP] Embed Pods Frameworks */ = {
			isa = PBXShellScriptBuildPhase;
			buildActionMask = 2147483647;
			files = (
			);
			inputFileListPaths = (
				"${PODS_ROOT}/Target Support Files/Pods-TARAS-Dev/Pods-TARAS-Dev-frameworks-${CONFIGURATION}-input-files.xcfilelist",
			);
			name = "[CP] Embed Pods Frameworks";
			outputFileListPaths = (
				"${PODS_ROOT}/Target Support Files/Pods-TARAS-Dev/Pods-TARAS-Dev-frameworks-${CONFIGURATION}-output-files.xcfilelist",
			);
			runOnlyForDeploymentPostprocessing = 0;
			shellPath = /bin/sh;
			shellScript = "\"${PODS_ROOT}/Target Support Files/Pods-TARAS-Dev/Pods-TARAS-Dev-frameworks.sh\"\n";
			showEnvVarsInLog = 0;
		};
		ED6B45EF26B7C6C300C2FA6D /* Generate Apollo GraphQL API */ = {
			isa = PBXShellScriptBuildPhase;
			buildActionMask = 2147483647;
			files = (
			);
			inputFileListPaths = (
			);
			inputPaths = (
			);
			name = "Generate Apollo GraphQL API";
			outputFileListPaths = (
			);
			outputPaths = (
			);
			runOnlyForDeploymentPostprocessing = 0;
			shellPath = /bin/sh;
			shellScript = "SCRIPT_PATH=\"${PODS_ROOT}/Apollo/scripts\"\ncd \"${SRCROOT}\"\n\"${SCRIPT_PATH}\"/run-bundled-codegen.sh codegen:generate --target=swift --includes=./**/*.graphql --localSchemaFile=\"schema.json\" API.swift\n";
		};
/* End PBXShellScriptBuildPhase section */

/* Begin PBXSourcesBuildPhase section */
		EDF0C39226B405F60061552F /* Sources */ = {
			isa = PBXSourcesBuildPhase;
			buildActionMask = 2147483647;
			files = (
				ED6B468326B7E8B500C2FA6D /* NetworkManager.swift in Sources */,
				EDA1FA3326C1590100E8C39B /* FragmentModel.swift in Sources */,
				ED6B46A226B7E9CE00C2FA6D /* Worker.swift in Sources */,
				ED52732726C255FC0077CD9D /* LargeTitleView.swift in Sources */,
				ED6B45F826B7DF7D00C2FA6D /* Position.swift in Sources */,
				ED6B468A26B7E8B500C2FA6D /* ManagerProvider.swift in Sources */,
				ED6B463F26B7E7CC00C2FA6D /* UIRefreshControl.swift in Sources */,
				ED6B469E26B7E9CE00C2FA6D /* TRSError.swift in Sources */,
				ED6B467E26B7E8B500C2FA6D /* TokenAddingInterceptor.swift in Sources */,
				ED52732926C255FC0077CD9D /* TRSButton.swift in Sources */,
				ED6B468E26B7E8B500C2FA6D /* ServiceManager.swift in Sources */,
				ED6B46A626B7E9CE00C2FA6D /* Robot.swift in Sources */,
				ED52737726C3A03C0077CD9D /* SignUpPasswordView.swift in Sources */,
				ED6B464A26B7E7CC00C2FA6D /* Log+Extract.swift in Sources */,
				ED52737126C3A03C0077CD9D /* SignUpIdViewController.swift in Sources */,
				ED6B460626B7DFF700C2FA6D /* SwiftEntryKit.swift in Sources */,
				ED6B465026B7E7CC00C2FA6D /* Reactor.swift in Sources */,
				ED6B468626B7E8B500C2FA6D /* PushManager.swift in Sources */,
				ED6B46B426B8025500C2FA6D /* Info.swift in Sources */,
				ED6B464226B7E7CC00C2FA6D /* UITextField.swift in Sources */,
				ED6B465D26B7E7CC00C2FA6D /* Sequence_BaseObject.swift in Sources */,
				ED6B465C26B7E7CC00C2FA6D /* Results_BaseObject.swift in Sources */,
				ED6B45F626B7DF7D00C2FA6D /* BaseNavigatableViewController.swift in Sources */,
				ED6B468426B7E8B500C2FA6D /* SubscriptionManager.swift in Sources */,
				ED6B464926B7E7CC00C2FA6D /* UINavigationController.swift in Sources */,
				ED6B460826B7DFF700C2FA6D /* SwiftEntryKit_ViewController.swift in Sources */,
				ED6B469F26B7E9CE00C2FA6D /* ServiceUnit.swift in Sources */,
				EDA1FA2926C14B9F00E8C39B /* API.swift in Sources */,
				ED6B46A526B7E9CE00C2FA6D /* Account.swift in Sources */,
				ED6B465626B7E7CC00C2FA6D /* UIAlertController+Rx.swift in Sources */,
				ED6B460726B7DFF700C2FA6D /* SwiftEntryKit_View.swift in Sources */,
				ED6B45F726B7DF7D00C2FA6D /* BaseNavigationController.swift in Sources */,
				ED52732626C255FC0077CD9D /* SignInView.swift in Sources */,
				ED6B463B26B7E7CC00C2FA6D /* CocoaLumberjack.swift in Sources */,
				ED6B468726B7E8B500C2FA6D /* NotificationInfo.swift in Sources */,
				ED6B469226B7E8B500C2FA6D /* BaseObject.swift in Sources */,
				ED6B45F526B7DF7D00C2FA6D /* BaseViewController.swift in Sources */,
				ED6B465126B7E7CC00C2FA6D /* UIView+Rx.swift in Sources */,
				ED6B465226B7E7CC00C2FA6D /* UIButton+Rx.swift in Sources */,
				ED52732A26C255FC0077CD9D /* SignInViewController.swift in Sources */,
				ED6B468F26B7E8B500C2FA6D /* RealmManager.swift in Sources */,
				ED6B464B26B7E7CC00C2FA6D /* GraphQLOperation.swift in Sources */,
				ED6B467F26B7E8B500C2FA6D /* ErrorInterceptor.swift in Sources */,
				ED6B46A426B7E9CE00C2FA6D /* ServiceLog.swift in Sources */,
				EDF0C39A26B405F60061552F /* AppDelegate.swift in Sources */,
				ED6B464F26B7E7CC00C2FA6D /* FilterNil.swift in Sources */,
				ED6B465326B7E7CC00C2FA6D /* UIViewController+Rx.swift in Sources */,
				ED52732526C255FC0077CD9D /* GostButton.swift in Sources */,
				ED6B468D26B7E8B500C2FA6D /* TypeUnification.swift in Sources */,
				ED6B46AE26B7EA4000C2FA6D /* LaunchScreenViewReactor.swift in Sources */,
				ED52732826C255FC0077CD9D /* SignTextFieldView.swift in Sources */,
				ED6B465826B7E7CC00C2FA6D /* TimeInterval.swift in Sources */,
				EDA1FA2D26C1524500E8C39B /* Station.swift in Sources */,
				ED6B46B026B7EE4E00C2FA6D /* Colors.swift in Sources */,
				ED6B46AD26B7EA4000C2FA6D /* LaunchScreenViewController.swift in Sources */,
				ED6B463A26B7E7CC00C2FA6D /* Date.swift in Sources */,
				ED52738026C3A03C0077CD9D /* SignUpTextFieldView.swift in Sources */,
				ED6B460326B7DFF700C2FA6D /* Log.swift in Sources */,
				ED6B465426B7E7CC00C2FA6D /* UICollectionView+Rx.swift in Sources */,
				ED6B464426B7E7CC00C2FA6D /* UIViewController.swift in Sources */,
				ED6B464126B7E7CC00C2FA6D /* UIDevice.swift in Sources */,
				ED6B464626B7E7CC00C2FA6D /* UIImageView.swift in Sources */,
				ED6B468926B7E8B500C2FA6D /* BaseManager.swift in Sources */,
				ED52737226C3A03C0077CD9D /* SignUpIdViewReactor.swift in Sources */,
				ED6B464726B7E7CC00C2FA6D /* UIFont.swift in Sources */,
				ED6B464326B7E7CC00C2FA6D /* UIButton.swift in Sources */,
				ED6B468126B7E8B500C2FA6D /* LoggingInterceptor.swift in Sources */,
				ED52737526C3A03C0077CD9D /* SignUpNameView.swift in Sources */,
				ED52737326C3A03C0077CD9D /* SignUpIdView.swift in Sources */,
				ED6B464526B7E7CC00C2FA6D /* UIWindow.swift in Sources */,
				ED52737426C3A03C0077CD9D /* SignUpNameViewController.swift in Sources */,
				ED6B465926B7E7CC00C2FA6D /* List_BaseObject.swift in Sources */,
				EDA1FA3126C1564700E8C39B /* User.swift in Sources */,
				ED6B468026B7E8B500C2FA6D /* BaseInterceptor.swift in Sources */,
				ED6B464D26B7E7CC00C2FA6D /* Optional.swift in Sources */,
				EDA1FA2F26C152E000E8C39B /* StationGroup.swift in Sources */,
				ED6B460426B7DFF700C2FA6D /* SwiftEntryKit_Show.swift in Sources */,
				ED6B469126B7E8B500C2FA6D /* USER_TB.swift in Sources */,
				ED6B464826B7E7CC00C2FA6D /* UITextView.swift in Sources */,
				ED52732B26C255FC0077CD9D /* SignInViewReactor.swift in Sources */,
				ED52737F26C3A03C0077CD9D /* SignUpGuideView.swift in Sources */,
				ED6B468826B7E8B500C2FA6D /* NotificationType.swift in Sources */,
				ED52737926C3A03C0077CD9D /* SignUpPasswordViewReactor.swift in Sources */,
				ED52737626C3A03C0077CD9D /* SignUpNameViewReactor.swift in Sources */,
				ED6B465726B7E7CC00C2FA6D /* RxSwift+Operator.swift in Sources */,
				ED6B463E26B7E7CC00C2FA6D /* UIColor.swift in Sources */,
				ED6B463D26B7E7CC00C2FA6D /* UIView.swift in Sources */,
				ED6B46A026B7E9CE00C2FA6D /* Service.swift in Sources */,
				ED6B460526B7DFF700C2FA6D /* SwiftEntryKit_String.swift in Sources */,
				ED6B469026B7E8B500C2FA6D /* TEST_TB.swift in Sources */,
				ED6B465526B7E7CC00C2FA6D /* UITableView+Rx.swift in Sources */,
				ED6B465B26B7E7CC00C2FA6D /* ThreadSafeReference_BaseObject.swift in Sources */,
				ED52737826C3A03C0077CD9D /* SignUpPasswordViewController.swift in Sources */,
				ED6B46A326B7E9CE00C2FA6D /* Stop.swift in Sources */,
				ED6B46A726B7E9CE00C2FA6D /* InputPolicy.swift in Sources */,
				EDF0C39C26B405F70061552F /* SceneDelegate.swift in Sources */,
				ED6B464C26B7E7CC00C2FA6D /* String.swift in Sources */,
				ED6B468B26B7E8B500C2FA6D /* UserManager.swift in Sources */,
				ED6B465A26B7E7CC00C2FA6D /* ThreadConfined_BaseObject.swift in Sources */,
				ED6B46A126B7E9CE00C2FA6D /* Workspace.swift in Sources */,
				ED6B464E26B7E7CC00C2FA6D /* UILabel+Rx.swift in Sources */,
				ED6B468226B7E8B500C2FA6D /* NetworkInterceptorProvider.swift in Sources */,
				ED6B463C26B7E7CC00C2FA6D /* Int.swift in Sources */,
				ED6B46B226B7EE5B00C2FA6D /* Constants.swift in Sources */,
			);
			runOnlyForDeploymentPostprocessing = 0;
		};
/* End PBXSourcesBuildPhase section */

/* Begin PBXVariantGroup section */
		EDF0C3A426B405F70061552F /* LaunchScreen.storyboard */ = {
			isa = PBXVariantGroup;
			children = (
				EDF0C3A526B405F70061552F /* Base */,
			);
			name = LaunchScreen.storyboard;
			sourceTree = "<group>";
		};
/* End PBXVariantGroup section */

/* Begin XCBuildConfiguration section */
		EDF0C3A826B405F70061552F /* Debug */ = {
			isa = XCBuildConfiguration;
			buildSettings = {
				ALWAYS_SEARCH_USER_PATHS = NO;
				CLANG_ANALYZER_NONNULL = YES;
				CLANG_ANALYZER_NUMBER_OBJECT_CONVERSION = YES_AGGRESSIVE;
				CLANG_CXX_LANGUAGE_STANDARD = "gnu++14";
				CLANG_CXX_LIBRARY = "libc++";
				CLANG_ENABLE_MODULES = YES;
				CLANG_ENABLE_OBJC_ARC = YES;
				CLANG_ENABLE_OBJC_WEAK = YES;
				CLANG_WARN_BLOCK_CAPTURE_AUTORELEASING = YES;
				CLANG_WARN_BOOL_CONVERSION = YES;
				CLANG_WARN_COMMA = YES;
				CLANG_WARN_CONSTANT_CONVERSION = YES;
				CLANG_WARN_DEPRECATED_OBJC_IMPLEMENTATIONS = YES;
				CLANG_WARN_DIRECT_OBJC_ISA_USAGE = YES_ERROR;
				CLANG_WARN_DOCUMENTATION_COMMENTS = YES;
				CLANG_WARN_EMPTY_BODY = YES;
				CLANG_WARN_ENUM_CONVERSION = YES;
				CLANG_WARN_INFINITE_RECURSION = YES;
				CLANG_WARN_INT_CONVERSION = YES;
				CLANG_WARN_NON_LITERAL_NULL_CONVERSION = YES;
				CLANG_WARN_OBJC_IMPLICIT_RETAIN_SELF = YES;
				CLANG_WARN_OBJC_LITERAL_CONVERSION = YES;
				CLANG_WARN_OBJC_ROOT_CLASS = YES_ERROR;
				CLANG_WARN_QUOTED_INCLUDE_IN_FRAMEWORK_HEADER = YES;
				CLANG_WARN_RANGE_LOOP_ANALYSIS = YES;
				CLANG_WARN_STRICT_PROTOTYPES = YES;
				CLANG_WARN_SUSPICIOUS_MOVE = YES;
				CLANG_WARN_UNGUARDED_AVAILABILITY = YES_AGGRESSIVE;
				CLANG_WARN_UNREACHABLE_CODE = YES;
				CLANG_WARN__DUPLICATE_METHOD_MATCH = YES;
				COPY_PHASE_STRIP = NO;
				DEBUG_INFORMATION_FORMAT = dwarf;
				ENABLE_BITCODE = NO;
				ENABLE_STRICT_OBJC_MSGSEND = YES;
				ENABLE_TESTABILITY = YES;
				GCC_C_LANGUAGE_STANDARD = gnu11;
				GCC_DYNAMIC_NO_PIC = NO;
				GCC_NO_COMMON_BLOCKS = YES;
				GCC_OPTIMIZATION_LEVEL = 0;
				GCC_PREPROCESSOR_DEFINITIONS = (
					"DEBUG=1",
					"$(inherited)",
				);
				GCC_WARN_64_TO_32_BIT_CONVERSION = YES;
				GCC_WARN_ABOUT_RETURN_TYPE = YES_ERROR;
				GCC_WARN_UNDECLARED_SELECTOR = YES;
				GCC_WARN_UNINITIALIZED_AUTOS = YES_AGGRESSIVE;
				GCC_WARN_UNUSED_FUNCTION = YES;
				GCC_WARN_UNUSED_VARIABLE = YES;
				IPHONEOS_DEPLOYMENT_TARGET = 14.5;
				MTL_ENABLE_DEBUG_INFO = INCLUDE_SOURCE;
				MTL_FAST_MATH = YES;
				ONLY_ACTIVE_ARCH = YES;
				SDKROOT = iphoneos;
				SWIFT_ACTIVE_COMPILATION_CONDITIONS = DEBUG;
				SWIFT_OPTIMIZATION_LEVEL = "-Onone";
				TRS_APP_BUILD = 1;
				TRS_APP_VERSION = 0.0.1;
				TRS_DB_VERSION = 1;
				TRS_SERVER_ENDPOINT = "";
			};
			name = Debug;
		};
		EDF0C3A926B405F70061552F /* Release */ = {
			isa = XCBuildConfiguration;
			buildSettings = {
				ALWAYS_SEARCH_USER_PATHS = NO;
				CLANG_ANALYZER_NONNULL = YES;
				CLANG_ANALYZER_NUMBER_OBJECT_CONVERSION = YES_AGGRESSIVE;
				CLANG_CXX_LANGUAGE_STANDARD = "gnu++14";
				CLANG_CXX_LIBRARY = "libc++";
				CLANG_ENABLE_MODULES = YES;
				CLANG_ENABLE_OBJC_ARC = YES;
				CLANG_ENABLE_OBJC_WEAK = YES;
				CLANG_WARN_BLOCK_CAPTURE_AUTORELEASING = YES;
				CLANG_WARN_BOOL_CONVERSION = YES;
				CLANG_WARN_COMMA = YES;
				CLANG_WARN_CONSTANT_CONVERSION = YES;
				CLANG_WARN_DEPRECATED_OBJC_IMPLEMENTATIONS = YES;
				CLANG_WARN_DIRECT_OBJC_ISA_USAGE = YES_ERROR;
				CLANG_WARN_DOCUMENTATION_COMMENTS = YES;
				CLANG_WARN_EMPTY_BODY = YES;
				CLANG_WARN_ENUM_CONVERSION = YES;
				CLANG_WARN_INFINITE_RECURSION = YES;
				CLANG_WARN_INT_CONVERSION = YES;
				CLANG_WARN_NON_LITERAL_NULL_CONVERSION = YES;
				CLANG_WARN_OBJC_IMPLICIT_RETAIN_SELF = YES;
				CLANG_WARN_OBJC_LITERAL_CONVERSION = YES;
				CLANG_WARN_OBJC_ROOT_CLASS = YES_ERROR;
				CLANG_WARN_QUOTED_INCLUDE_IN_FRAMEWORK_HEADER = YES;
				CLANG_WARN_RANGE_LOOP_ANALYSIS = YES;
				CLANG_WARN_STRICT_PROTOTYPES = YES;
				CLANG_WARN_SUSPICIOUS_MOVE = YES;
				CLANG_WARN_UNGUARDED_AVAILABILITY = YES_AGGRESSIVE;
				CLANG_WARN_UNREACHABLE_CODE = YES;
				CLANG_WARN__DUPLICATE_METHOD_MATCH = YES;
				COPY_PHASE_STRIP = NO;
				DEBUG_INFORMATION_FORMAT = "dwarf-with-dsym";
				ENABLE_BITCODE = NO;
				ENABLE_NS_ASSERTIONS = NO;
				ENABLE_STRICT_OBJC_MSGSEND = YES;
				GCC_C_LANGUAGE_STANDARD = gnu11;
				GCC_NO_COMMON_BLOCKS = YES;
				GCC_WARN_64_TO_32_BIT_CONVERSION = YES;
				GCC_WARN_ABOUT_RETURN_TYPE = YES_ERROR;
				GCC_WARN_UNDECLARED_SELECTOR = YES;
				GCC_WARN_UNINITIALIZED_AUTOS = YES_AGGRESSIVE;
				GCC_WARN_UNUSED_FUNCTION = YES;
				GCC_WARN_UNUSED_VARIABLE = YES;
				IPHONEOS_DEPLOYMENT_TARGET = 14.5;
				MTL_ENABLE_DEBUG_INFO = NO;
				MTL_FAST_MATH = YES;
				SDKROOT = iphoneos;
				SWIFT_COMPILATION_MODE = wholemodule;
				SWIFT_OPTIMIZATION_LEVEL = "-O";
				TRS_APP_BUILD = 1;
				TRS_APP_VERSION = 0.0.1;
				TRS_DB_VERSION = 1;
				TRS_SERVER_ENDPOINT = "";
				VALIDATE_PRODUCT = YES;
			};
			name = Release;
		};
		EDF0C3AB26B405F70061552F /* Debug */ = {
			isa = XCBuildConfiguration;
			baseConfigurationReference = 0593411C0BCB302AC88FBE81 /* Pods-TARAS-Dev.debug.xcconfig */;
			buildSettings = {
				ASSETCATALOG_COMPILER_APPICON_NAME = "AppIcon-Dev";
				ASSETCATALOG_COMPILER_GLOBAL_ACCENT_COLOR_NAME = AccentColor;
				CODE_SIGN_ENTITLEMENTS = "TARAS/Resources/TARAS-Dev.entitlements";
				CODE_SIGN_STYLE = Automatic;
				CURRENT_PROJECT_VERSION = "$(TRS_APP_BUILD)";
				DEVELOPMENT_TEAM = Y4DVJNGENA;
				INFOPLIST_FILE = "TARAS/Resources/Info-dev.plist";
				IPHONEOS_DEPLOYMENT_TARGET = 12.1;
				LD_RUNPATH_SEARCH_PATHS = (
					"$(inherited)",
					"@executable_path/Frameworks",
				);
				MARKETING_VERSION = "$(TRS_APP_VERSION)";
				OTHER_SWIFT_FLAGS = "$(inherited) -D DEV";
				PRODUCT_BUNDLE_IDENTIFIER = kr.co.twinny.taras.dev;
				PRODUCT_NAME = "$(TARGET_NAME)";
				SWIFT_VERSION = 5.0;
				TARGETED_DEVICE_FAMILY = 1;
				TRS_SERVER_ENDPOINT = "https://dev-api.taras.twinny.io/graphql";
			};
			name = Debug;
		};
		EDF0C3AC26B405F70061552F /* Release */ = {
			isa = XCBuildConfiguration;
			baseConfigurationReference = D8E05CDEA4DF226CF034A0C9 /* Pods-TARAS-Dev.release.xcconfig */;
			buildSettings = {
				ASSETCATALOG_COMPILER_APPICON_NAME = "AppIcon-Dev";
				ASSETCATALOG_COMPILER_GLOBAL_ACCENT_COLOR_NAME = AccentColor;
				CODE_SIGN_ENTITLEMENTS = "TARAS/Resources/TARAS-Dev.entitlements";
				CODE_SIGN_STYLE = Automatic;
				CURRENT_PROJECT_VERSION = "$(TRS_APP_BUILD)";
				DEVELOPMENT_TEAM = Y4DVJNGENA;
				INFOPLIST_FILE = "TARAS/Resources/Info-dev.plist";
				IPHONEOS_DEPLOYMENT_TARGET = 12.1;
				LD_RUNPATH_SEARCH_PATHS = (
					"$(inherited)",
					"@executable_path/Frameworks",
				);
				MARKETING_VERSION = "$(TRS_APP_VERSION)";
				OTHER_SWIFT_FLAGS = "$(inherited) -D DEV";
				PRODUCT_BUNDLE_IDENTIFIER = kr.co.twinny.taras.dev;
				PRODUCT_NAME = "$(TARGET_NAME)";
				SWIFT_VERSION = 5.0;
				TARGETED_DEVICE_FAMILY = 1;
				TRS_SERVER_ENDPOINT = "https://dev-api.taras.twinny.io/graphql";
			};
			name = Release;
		};
/* End XCBuildConfiguration section */

/* Begin XCConfigurationList section */
		EDF0C39126B405F60061552F /* Build configuration list for PBXProject "TARAS" */ = {
			isa = XCConfigurationList;
			buildConfigurations = (
				EDF0C3A826B405F70061552F /* Debug */,
				EDF0C3A926B405F70061552F /* Release */,
			);
			defaultConfigurationIsVisible = 0;
			defaultConfigurationName = Release;
		};
		EDF0C3AA26B405F70061552F /* Build configuration list for PBXNativeTarget "TARAS-Dev" */ = {
			isa = XCConfigurationList;
			buildConfigurations = (
				EDF0C3AB26B405F70061552F /* Debug */,
				EDF0C3AC26B405F70061552F /* Release */,
			);
			defaultConfigurationIsVisible = 0;
			defaultConfigurationName = Release;
		};
/* End XCConfigurationList section */
	};
	rootObject = EDF0C38E26B405F60061552F /* Project object */;
}
