// !$*UTF8*$!
{
	archiveVersion = 1;
	classes = {
	};
	objectVersion = 51;
	objects = {

/* Begin PBXBuildFile section */
		EDF0C39A26B405F60061552F /* AppDelegate.swift in Sources */ = {isa = PBXBuildFile; fileRef = EDF0C39926B405F60061552F /* AppDelegate.swift */; };
		EDF0C39C26B405F70061552F /* SceneDelegate.swift in Sources */ = {isa = PBXBuildFile; fileRef = EDF0C39B26B405F60061552F /* SceneDelegate.swift */; };
		EDF0C39E26B405F70061552F /* ViewController.swift in Sources */ = {isa = PBXBuildFile; fileRef = EDF0C39D26B405F70061552F /* ViewController.swift */; };
		EDF0C3A126B405F70061552F /* Main.storyboard in Resources */ = {isa = PBXBuildFile; fileRef = EDF0C39F26B405F70061552F /* Main.storyboard */; };
		EDF0C3A326B405F70061552F /* Assets.xcassets in Resources */ = {isa = PBXBuildFile; fileRef = EDF0C3A226B405F70061552F /* Assets.xcassets */; };
		EDF0C3A626B405F70061552F /* LaunchScreen.storyboard in Resources */ = {isa = PBXBuildFile; fileRef = EDF0C3A426B405F70061552F /* LaunchScreen.storyboard */; };
		FA3FCE30536CE7CEE5FA0BFF /* Pods_TARAS_Dev.framework in Frameworks */ = {isa = PBXBuildFile; fileRef = 6DE6787D8599D2785DAB6212 /* Pods_TARAS_Dev.framework */; };
/* End PBXBuildFile section */

/* Begin PBXFileReference section */
		0593411C0BCB302AC88FBE81 /* Pods-TARAS-Dev.debug.xcconfig */ = {isa = PBXFileReference; includeInIndex = 1; lastKnownFileType = text.xcconfig; name = "Pods-TARAS-Dev.debug.xcconfig"; path = "Target Support Files/Pods-TARAS-Dev/Pods-TARAS-Dev.debug.xcconfig"; sourceTree = "<group>"; };
		6DE6787D8599D2785DAB6212 /* Pods_TARAS_Dev.framework */ = {isa = PBXFileReference; explicitFileType = wrapper.framework; includeInIndex = 0; path = Pods_TARAS_Dev.framework; sourceTree = BUILT_PRODUCTS_DIR; };
		D8E05CDEA4DF226CF034A0C9 /* Pods-TARAS-Dev.release.xcconfig */ = {isa = PBXFileReference; includeInIndex = 1; lastKnownFileType = text.xcconfig; name = "Pods-TARAS-Dev.release.xcconfig"; path = "Target Support Files/Pods-TARAS-Dev/Pods-TARAS-Dev.release.xcconfig"; sourceTree = "<group>"; };
		EDF0C39626B405F60061552F /* TARAS-Dev.app */ = {isa = PBXFileReference; explicitFileType = wrapper.application; includeInIndex = 0; path = "TARAS-Dev.app"; sourceTree = BUILT_PRODUCTS_DIR; };
		EDF0C39926B405F60061552F /* AppDelegate.swift */ = {isa = PBXFileReference; lastKnownFileType = sourcecode.swift; path = AppDelegate.swift; sourceTree = "<group>"; };
		EDF0C39B26B405F60061552F /* SceneDelegate.swift */ = {isa = PBXFileReference; lastKnownFileType = sourcecode.swift; path = SceneDelegate.swift; sourceTree = "<group>"; };
		EDF0C39D26B405F70061552F /* ViewController.swift */ = {isa = PBXFileReference; lastKnownFileType = sourcecode.swift; path = ViewController.swift; sourceTree = "<group>"; };
		EDF0C3A026B405F70061552F /* Base */ = {isa = PBXFileReference; lastKnownFileType = file.storyboard; name = Base; path = Base.lproj/Main.storyboard; sourceTree = "<group>"; };
		EDF0C3A226B405F70061552F /* Assets.xcassets */ = {isa = PBXFileReference; lastKnownFileType = folder.assetcatalog; path = Assets.xcassets; sourceTree = "<group>"; };
		EDF0C3A526B405F70061552F /* Base */ = {isa = PBXFileReference; lastKnownFileType = file.storyboard; name = Base; path = Base.lproj/LaunchScreen.storyboard; sourceTree = "<group>"; };
		EDF0C3A726B405F70061552F /* Info.plist */ = {isa = PBXFileReference; lastKnownFileType = text.plist.xml; path = Info.plist; sourceTree = "<group>"; };
		EDF0C3AD26B41BA20061552F /* TARAS-Dev.entitlements */ = {isa = PBXFileReference; lastKnownFileType = text.plist.entitlements; path = "TARAS-Dev.entitlements"; sourceTree = "<group>"; };
/* End PBXFileReference section */

/* Begin PBXFrameworksBuildPhase section */
		EDF0C39326B405F60061552F /* Frameworks */ = {
			isa = PBXFrameworksBuildPhase;
			buildActionMask = 2147483647;
			files = (
				FA3FCE30536CE7CEE5FA0BFF /* Pods_TARAS_Dev.framework in Frameworks */,
			);
			runOnlyForDeploymentPostprocessing = 0;
		};
/* End PBXFrameworksBuildPhase section */

/* Begin PBXGroup section */
		B78B945B18F3A657F0DEEFC7 /* Frameworks */ = {
			isa = PBXGroup;
			children = (
				6DE6787D8599D2785DAB6212 /* Pods_TARAS_Dev.framework */,
			);
			name = Frameworks;
			sourceTree = "<group>";
		};
		BEE83EA739F40AF88EFBC2BE /* Pods */ = {
			isa = PBXGroup;
			children = (
				0593411C0BCB302AC88FBE81 /* Pods-TARAS-Dev.debug.xcconfig */,
				D8E05CDEA4DF226CF034A0C9 /* Pods-TARAS-Dev.release.xcconfig */,
			);
			path = Pods;
			sourceTree = "<group>";
		};
		EDF0C38D26B405F60061552F = {
			isa = PBXGroup;
			children = (
				EDF0C3AD26B41BA20061552F /* TARAS-Dev.entitlements */,
				EDF0C39826B405F60061552F /* TARAS */,
				EDF0C39726B405F60061552F /* Products */,
				BEE83EA739F40AF88EFBC2BE /* Pods */,
				B78B945B18F3A657F0DEEFC7 /* Frameworks */,
			);
			sourceTree = "<group>";
		};
		EDF0C39726B405F60061552F /* Products */ = {
			isa = PBXGroup;
			children = (
				EDF0C39626B405F60061552F /* TARAS-Dev.app */,
			);
			name = Products;
			sourceTree = "<group>";
		};
		EDF0C39826B405F60061552F /* TARAS */ = {
			isa = PBXGroup;
			children = (
				EDF0C39926B405F60061552F /* AppDelegate.swift */,
				EDF0C39B26B405F60061552F /* SceneDelegate.swift */,
				EDF0C39D26B405F70061552F /* ViewController.swift */,
				EDF0C39F26B405F70061552F /* Main.storyboard */,
				EDF0C3A226B405F70061552F /* Assets.xcassets */,
				EDF0C3A426B405F70061552F /* LaunchScreen.storyboard */,
				EDF0C3A726B405F70061552F /* Info.plist */,
			);
			path = TARAS;
			sourceTree = "<group>";
		};
/* End PBXGroup section */

/* Begin PBXNativeTarget section */
		EDF0C39526B405F60061552F /* TARAS-Dev */ = {
			isa = PBXNativeTarget;
			buildConfigurationList = EDF0C3AA26B405F70061552F /* Build configuration list for PBXNativeTarget "TARAS-Dev" */;
			buildPhases = (
				86C4D66D1468F977BED34B6C /* [CP] Check Pods Manifest.lock */,
				ED6B45EF26B7C6C300C2FA6D /* Generate Apollo GraphQL API */,
				EDF0C39226B405F60061552F /* Sources */,
				EDF0C39326B405F60061552F /* Frameworks */,
				EDF0C39426B405F60061552F /* Resources */,
				B8644044C0CCB20F37BBB37C /* [CP] Embed Pods Frameworks */,
			);
			buildRules = (
			);
			dependencies = (
			);
			name = "TARAS-Dev";
			productName = TARAS;
			productReference = EDF0C39626B405F60061552F /* TARAS-Dev.app */;
			productType = "com.apple.product-type.application";
		};
/* End PBXNativeTarget section */

/* Begin PBXProject section */
		EDF0C38E26B405F60061552F /* Project object */ = {
			isa = PBXProject;
			attributes = {
				LastSwiftUpdateCheck = 1250;
				LastUpgradeCheck = 1250;
				TargetAttributes = {
					EDF0C39526B405F60061552F = {
						CreatedOnToolsVersion = 12.5.1;
					};
				};
			};
			buildConfigurationList = EDF0C39126B405F60061552F /* Build configuration list for PBXProject "TARAS" */;
			compatibilityVersion = "Xcode 9.3";
			developmentRegion = en;
			hasScannedForEncodings = 0;
			knownRegions = (
				en,
				Base,
			);
			mainGroup = EDF0C38D26B405F60061552F;
			productRefGroup = EDF0C39726B405F60061552F /* Products */;
			projectDirPath = "";
			projectRoot = "";
			targets = (
				EDF0C39526B405F60061552F /* TARAS-Dev */,
			);
		};
/* End PBXProject section */

/* Begin PBXResourcesBuildPhase section */
		EDF0C39426B405F60061552F /* Resources */ = {
			isa = PBXResourcesBuildPhase;
			buildActionMask = 2147483647;
			files = (
				EDF0C3A626B405F70061552F /* LaunchScreen.storyboard in Resources */,
				EDF0C3A326B405F70061552F /* Assets.xcassets in Resources */,
				EDF0C3A126B405F70061552F /* Main.storyboard in Resources */,
			);
			runOnlyForDeploymentPostprocessing = 0;
		};
/* End PBXResourcesBuildPhase section */

/* Begin PBXShellScriptBuildPhase section */
		86C4D66D1468F977BED34B6C /* [CP] Check Pods Manifest.lock */ = {
			isa = PBXShellScriptBuildPhase;
			buildActionMask = 2147483647;
			files = (
			);
			inputFileListPaths = (
			);
			inputPaths = (
				"${PODS_PODFILE_DIR_PATH}/Podfile.lock",
				"${PODS_ROOT}/Manifest.lock",
			);
			name = "[CP] Check Pods Manifest.lock";
			outputFileListPaths = (
			);
			outputPaths = (
				"$(DERIVED_FILE_DIR)/Pods-TARAS-Dev-checkManifestLockResult.txt",
			);
			runOnlyForDeploymentPostprocessing = 0;
			shellPath = /bin/sh;
			shellScript = "diff \"${PODS_PODFILE_DIR_PATH}/Podfile.lock\" \"${PODS_ROOT}/Manifest.lock\" > /dev/null\nif [ $? != 0 ] ; then\n    # print error to STDERR\n    echo \"error: The sandbox is not in sync with the Podfile.lock. Run 'pod install' or update your CocoaPods installation.\" >&2\n    exit 1\nfi\n# This output is used by Xcode 'outputs' to avoid re-running this script phase.\necho \"SUCCESS\" > \"${SCRIPT_OUTPUT_FILE_0}\"\n";
			showEnvVarsInLog = 0;
		};
		B8644044C0CCB20F37BBB37C /* [CP] Embed Pods Frameworks */ = {
			isa = PBXShellScriptBuildPhase;
			buildActionMask = 2147483647;
			files = (
			);
			inputFileListPaths = (
				"${PODS_ROOT}/Target Support Files/Pods-TARAS-Dev/Pods-TARAS-Dev-frameworks-${CONFIGURATION}-input-files.xcfilelist",
			);
			name = "[CP] Embed Pods Frameworks";
			outputFileListPaths = (
				"${PODS_ROOT}/Target Support Files/Pods-TARAS-Dev/Pods-TARAS-Dev-frameworks-${CONFIGURATION}-output-files.xcfilelist",
			);
			runOnlyForDeploymentPostprocessing = 0;
			shellPath = /bin/sh;
			shellScript = "\"${PODS_ROOT}/Target Support Files/Pods-TARAS-Dev/Pods-TARAS-Dev-frameworks.sh\"\n";
			showEnvVarsInLog = 0;
		};
		ED6B45EF26B7C6C300C2FA6D /* Generate Apollo GraphQL API */ = {
			isa = PBXShellScriptBuildPhase;
			buildActionMask = 2147483647;
			files = (
			);
			inputFileListPaths = (
			);
			inputPaths = (
			);
			name = "Generate Apollo GraphQL API";
			outputFileListPaths = (
			);
			outputPaths = (
			);
			runOnlyForDeploymentPostprocessing = 0;
			shellPath = /bin/sh;
			shellScript = "SCRIPT_PATH=\"${PODS_ROOT}/Apollo/scripts\"\ncd \"${SRCROOT}\"\n\"${SCRIPT_PATH}\"/run-bundled-codegen.sh codegen:generate --target=swift --includes=./**/*.graphql --localSchemaFile=\"schema.json\" API.swift\n";
		};
/* End PBXShellScriptBuildPhase section */

/* Begin PBXSourcesBuildPhase section */
		EDF0C39226B405F60061552F /* Sources */ = {
			isa = PBXSourcesBuildPhase;
			buildActionMask = 2147483647;
			files = (
				EDF0C39E26B405F70061552F /* ViewController.swift in Sources */,
				EDF0C39A26B405F60061552F /* AppDelegate.swift in Sources */,
				EDF0C39C26B405F70061552F /* SceneDelegate.swift in Sources */,
			);
			runOnlyForDeploymentPostprocessing = 0;
		};
/* End PBXSourcesBuildPhase section */

/* Begin PBXVariantGroup section */
		EDF0C39F26B405F70061552F /* Main.storyboard */ = {
			isa = PBXVariantGroup;
			children = (
				EDF0C3A026B405F70061552F /* Base */,
			);
			name = Main.storyboard;
			sourceTree = "<group>";
		};
		EDF0C3A426B405F70061552F /* LaunchScreen.storyboard */ = {
			isa = PBXVariantGroup;
			children = (
				EDF0C3A526B405F70061552F /* Base */,
			);
			name = LaunchScreen.storyboard;
			sourceTree = "<group>";
		};
/* End PBXVariantGroup section */

/* Begin XCBuildConfiguration section */
		EDF0C3A826B405F70061552F /* Debug */ = {
			isa = XCBuildConfiguration;
			buildSettings = {
				ALWAYS_SEARCH_USER_PATHS = NO;
				CLANG_ANALYZER_NONNULL = YES;
				CLANG_ANALYZER_NUMBER_OBJECT_CONVERSION = YES_AGGRESSIVE;
				CLANG_CXX_LANGUAGE_STANDARD = "gnu++14";
				CLANG_CXX_LIBRARY = "libc++";
				CLANG_ENABLE_MODULES = YES;
				CLANG_ENABLE_OBJC_ARC = YES;
				CLANG_ENABLE_OBJC_WEAK = YES;
				CLANG_WARN_BLOCK_CAPTURE_AUTORELEASING = YES;
				CLANG_WARN_BOOL_CONVERSION = YES;
				CLANG_WARN_COMMA = YES;
				CLANG_WARN_CONSTANT_CONVERSION = YES;
				CLANG_WARN_DEPRECATED_OBJC_IMPLEMENTATIONS = YES;
				CLANG_WARN_DIRECT_OBJC_ISA_USAGE = YES_ERROR;
				CLANG_WARN_DOCUMENTATION_COMMENTS = YES;
				CLANG_WARN_EMPTY_BODY = YES;
				CLANG_WARN_ENUM_CONVERSION = YES;
				CLANG_WARN_INFINITE_RECURSION = YES;
				CLANG_WARN_INT_CONVERSION = YES;
				CLANG_WARN_NON_LITERAL_NULL_CONVERSION = YES;
				CLANG_WARN_OBJC_IMPLICIT_RETAIN_SELF = YES;
				CLANG_WARN_OBJC_LITERAL_CONVERSION = YES;
				CLANG_WARN_OBJC_ROOT_CLASS = YES_ERROR;
				CLANG_WARN_QUOTED_INCLUDE_IN_FRAMEWORK_HEADER = YES;
				CLANG_WARN_RANGE_LOOP_ANALYSIS = YES;
				CLANG_WARN_STRICT_PROTOTYPES = YES;
				CLANG_WARN_SUSPICIOUS_MOVE = YES;
				CLANG_WARN_UNGUARDED_AVAILABILITY = YES_AGGRESSIVE;
				CLANG_WARN_UNREACHABLE_CODE = YES;
				CLANG_WARN__DUPLICATE_METHOD_MATCH = YES;
				COPY_PHASE_STRIP = NO;
				DEBUG_INFORMATION_FORMAT = dwarf;
				ENABLE_BITCODE = NO;
				ENABLE_STRICT_OBJC_MSGSEND = YES;
				ENABLE_TESTABILITY = YES;
				GCC_C_LANGUAGE_STANDARD = gnu11;
				GCC_DYNAMIC_NO_PIC = NO;
				GCC_NO_COMMON_BLOCKS = YES;
				GCC_OPTIMIZATION_LEVEL = 0;
				GCC_PREPROCESSOR_DEFINITIONS = (
					"DEBUG=1",
					"$(inherited)",
				);
				GCC_WARN_64_TO_32_BIT_CONVERSION = YES;
				GCC_WARN_ABOUT_RETURN_TYPE = YES_ERROR;
				GCC_WARN_UNDECLARED_SELECTOR = YES;
				GCC_WARN_UNINITIALIZED_AUTOS = YES_AGGRESSIVE;
				GCC_WARN_UNUSED_FUNCTION = YES;
				GCC_WARN_UNUSED_VARIABLE = YES;
				IPHONEOS_DEPLOYMENT_TARGET = 14.5;
				MTL_ENABLE_DEBUG_INFO = INCLUDE_SOURCE;
				MTL_FAST_MATH = YES;
				ONLY_ACTIVE_ARCH = YES;
				SDKROOT = iphoneos;
				SWIFT_ACTIVE_COMPILATION_CONDITIONS = DEBUG;
				SWIFT_OPTIMIZATION_LEVEL = "-Onone";
				TRS_APP_BUILD = 1;
				TRS_APP_VERSION = 0.0.1;
				TRS_DB_VERSION = 1;
				TRS_SERVER_ENDPOINT = "";
			};
			name = Debug;
		};
		EDF0C3A926B405F70061552F /* Release */ = {
			isa = XCBuildConfiguration;
			buildSettings = {
				ALWAYS_SEARCH_USER_PATHS = NO;
				CLANG_ANALYZER_NONNULL = YES;
				CLANG_ANALYZER_NUMBER_OBJECT_CONVERSION = YES_AGGRESSIVE;
				CLANG_CXX_LANGUAGE_STANDARD = "gnu++14";
				CLANG_CXX_LIBRARY = "libc++";
				CLANG_ENABLE_MODULES = YES;
				CLANG_ENABLE_OBJC_ARC = YES;
				CLANG_ENABLE_OBJC_WEAK = YES;
				CLANG_WARN_BLOCK_CAPTURE_AUTORELEASING = YES;
				CLANG_WARN_BOOL_CONVERSION = YES;
				CLANG_WARN_COMMA = YES;
				CLANG_WARN_CONSTANT_CONVERSION = YES;
				CLANG_WARN_DEPRECATED_OBJC_IMPLEMENTATIONS = YES;
				CLANG_WARN_DIRECT_OBJC_ISA_USAGE = YES_ERROR;
				CLANG_WARN_DOCUMENTATION_COMMENTS = YES;
				CLANG_WARN_EMPTY_BODY = YES;
				CLANG_WARN_ENUM_CONVERSION = YES;
				CLANG_WARN_INFINITE_RECURSION = YES;
				CLANG_WARN_INT_CONVERSION = YES;
				CLANG_WARN_NON_LITERAL_NULL_CONVERSION = YES;
				CLANG_WARN_OBJC_IMPLICIT_RETAIN_SELF = YES;
				CLANG_WARN_OBJC_LITERAL_CONVERSION = YES;
				CLANG_WARN_OBJC_ROOT_CLASS = YES_ERROR;
				CLANG_WARN_QUOTED_INCLUDE_IN_FRAMEWORK_HEADER = YES;
				CLANG_WARN_RANGE_LOOP_ANALYSIS = YES;
				CLANG_WARN_STRICT_PROTOTYPES = YES;
				CLANG_WARN_SUSPICIOUS_MOVE = YES;
				CLANG_WARN_UNGUARDED_AVAILABILITY = YES_AGGRESSIVE;
				CLANG_WARN_UNREACHABLE_CODE = YES;
				CLANG_WARN__DUPLICATE_METHOD_MATCH = YES;
				COPY_PHASE_STRIP = NO;
				DEBUG_INFORMATION_FORMAT = "dwarf-with-dsym";
				ENABLE_BITCODE = NO;
				ENABLE_NS_ASSERTIONS = NO;
				ENABLE_STRICT_OBJC_MSGSEND = YES;
				GCC_C_LANGUAGE_STANDARD = gnu11;
				GCC_NO_COMMON_BLOCKS = YES;
				GCC_WARN_64_TO_32_BIT_CONVERSION = YES;
				GCC_WARN_ABOUT_RETURN_TYPE = YES_ERROR;
				GCC_WARN_UNDECLARED_SELECTOR = YES;
				GCC_WARN_UNINITIALIZED_AUTOS = YES_AGGRESSIVE;
				GCC_WARN_UNUSED_FUNCTION = YES;
				GCC_WARN_UNUSED_VARIABLE = YES;
				IPHONEOS_DEPLOYMENT_TARGET = 14.5;
				MTL_ENABLE_DEBUG_INFO = NO;
				MTL_FAST_MATH = YES;
				SDKROOT = iphoneos;
				SWIFT_COMPILATION_MODE = wholemodule;
				SWIFT_OPTIMIZATION_LEVEL = "-O";
				TRS_APP_BUILD = 1;
				TRS_APP_VERSION = 0.0.1;
				TRS_DB_VERSION = 1;
				TRS_SERVER_ENDPOINT = "";
				VALIDATE_PRODUCT = YES;
			};
			name = Release;
		};
		EDF0C3AB26B405F70061552F /* Debug */ = {
			isa = XCBuildConfiguration;
			baseConfigurationReference = 0593411C0BCB302AC88FBE81 /* Pods-TARAS-Dev.debug.xcconfig */;
			buildSettings = {
				ASSETCATALOG_COMPILER_APPICON_NAME = AppIcon;
				ASSETCATALOG_COMPILER_GLOBAL_ACCENT_COLOR_NAME = AccentColor;
				CODE_SIGN_ENTITLEMENTS = "TARAS-Dev.entitlements";
				CODE_SIGN_STYLE = Automatic;
				CURRENT_PROJECT_VERSION = "$(TRS_APP_BUILD)";
				DEVELOPMENT_TEAM = Y4DVJNGENA;
				INFOPLIST_FILE = TARAS/Info.plist;
				IPHONEOS_DEPLOYMENT_TARGET = 12.1;
				LD_RUNPATH_SEARCH_PATHS = (
					"$(inherited)",
					"@executable_path/Frameworks",
				);
				MARKETING_VERSION = "$(TRS_APP_VERSION)";
				OTHER_SWIFT_FLAGS = "$(inherited) -D DEV";
				PRODUCT_BUNDLE_IDENTIFIER = kr.co.twinny.taras.dev;
				PRODUCT_NAME = "$(TARGET_NAME)";
				SWIFT_VERSION = 5.0;
				TARGETED_DEVICE_FAMILY = 1;
				TRS_SERVER_ENDPOINT = "https://dev-api.taras.twinny.io/graphql";
			};
			name = Debug;
		};
		EDF0C3AC26B405F70061552F /* Release */ = {
			isa = XCBuildConfiguration;
			baseConfigurationReference = D8E05CDEA4DF226CF034A0C9 /* Pods-TARAS-Dev.release.xcconfig */;
			buildSettings = {
				ASSETCATALOG_COMPILER_APPICON_NAME = AppIcon;
				ASSETCATALOG_COMPILER_GLOBAL_ACCENT_COLOR_NAME = AccentColor;
				CODE_SIGN_ENTITLEMENTS = "TARAS-Dev.entitlements";
				CODE_SIGN_STYLE = Automatic;
				CURRENT_PROJECT_VERSION = "$(TRS_APP_BUILD)";
				DEVELOPMENT_TEAM = Y4DVJNGENA;
				INFOPLIST_FILE = TARAS/Info.plist;
				IPHONEOS_DEPLOYMENT_TARGET = 12.1;
				LD_RUNPATH_SEARCH_PATHS = (
					"$(inherited)",
					"@executable_path/Frameworks",
				);
				MARKETING_VERSION = "$(TRS_APP_VERSION)";
				OTHER_SWIFT_FLAGS = "$(inherited) -D DEV";
				PRODUCT_BUNDLE_IDENTIFIER = kr.co.twinny.taras.dev;
				PRODUCT_NAME = "$(TARGET_NAME)";
				SWIFT_VERSION = 5.0;
				TARGETED_DEVICE_FAMILY = 1;
				TRS_SERVER_ENDPOINT = "https://dev-api.taras.twinny.io/graphql";
			};
			name = Release;
		};
/* End XCBuildConfiguration section */

/* Begin XCConfigurationList section */
		EDF0C39126B405F60061552F /* Build configuration list for PBXProject "TARAS" */ = {
			isa = XCConfigurationList;
			buildConfigurations = (
				EDF0C3A826B405F70061552F /* Debug */,
				EDF0C3A926B405F70061552F /* Release */,
			);
			defaultConfigurationIsVisible = 0;
			defaultConfigurationName = Release;
		};
		EDF0C3AA26B405F70061552F /* Build configuration list for PBXNativeTarget "TARAS-Dev" */ = {
			isa = XCConfigurationList;
			buildConfigurations = (
				EDF0C3AB26B405F70061552F /* Debug */,
				EDF0C3AC26B405F70061552F /* Release */,
			);
			defaultConfigurationIsVisible = 0;
			defaultConfigurationName = Release;
		};
/* End XCConfigurationList section */
	};
	rootObject = EDF0C38E26B405F60061552F /* Project object */;
}
